// !$*UTF8*$!
{
	archiveVersion = 1;
	classes = {
	};
	objectVersion = 54;
	objects = {

/* Begin PBXBuildFile section */
		2904C7642336982B00407B64 /* AppDelegate.swift in Sources */ = {isa = PBXBuildFile; fileRef = 2904C7632336982B00407B64 /* AppDelegate.swift */; };
		2904C76E2336982D00407B64 /* Assets.xcassets in Resources */ = {isa = PBXBuildFile; fileRef = 2904C76D2336982D00407B64 /* Assets.xcassets */; };
		2904C7712336982D00407B64 /* LaunchScreen.storyboard in Resources */ = {isa = PBXBuildFile; fileRef = 2904C76F2336982D00407B64 /* LaunchScreen.storyboard */; };
		2904C7A02336A69B00407B64 /* Showing.swift in Sources */ = {isa = PBXBuildFile; fileRef = 2904C79F2336A69B00407B64 /* Showing.swift */; };
		291525BD294E072800192153 /* NetworkImage.swift in Sources */ = {isa = PBXBuildFile; fileRef = 291525BC294E072800192153 /* NetworkImage.swift */; };
		291525E3294E61A700192153 /* MovieListView.swift in Sources */ = {isa = PBXBuildFile; fileRef = 291525E2294E61A700192153 /* MovieListView.swift */; };
		291525E9294F145900192153 /* NetworkImageTests.swift in Sources */ = {isa = PBXBuildFile; fileRef = 291525E8294F145900192153 /* NetworkImageTests.swift */; };
		291525EB294F336600192153 /* ImageClient.swift in Sources */ = {isa = PBXBuildFile; fileRef = 291525EA294F336600192153 /* ImageClient.swift */; };
		291525ED294F4DE300192153 /* NetworkImageView.swift in Sources */ = {isa = PBXBuildFile; fileRef = 291525EC294F4DE300192153 /* NetworkImageView.swift */; };
		291525F0294FACB100192153 /* Schedule.swift in Sources */ = {isa = PBXBuildFile; fileRef = 291525EF294FACB100192153 /* Schedule.swift */; };
		2932FB7F24D35D62009AEDD1 /* Main.storyboard in Resources */ = {isa = PBXBuildFile; fileRef = 2932FB7E24D35D62009AEDD1 /* Main.storyboard */; };
		293A436C29FBF00F00913707 /* HomeFeed.swift in Sources */ = {isa = PBXBuildFile; fileRef = 293A436B29FBF00F00913707 /* HomeFeed.swift */; };
		293A436E29FBF07600913707 /* HomeFeedView.swift in Sources */ = {isa = PBXBuildFile; fileRef = 293A436D29FBF07600913707 /* HomeFeedView.swift */; };
		29602B11294B6C0A00FBE1A4 /* DateSelector.swift in Sources */ = {isa = PBXBuildFile; fileRef = 29602B10294B6C0A00FBE1A4 /* DateSelector.swift */; };
		29602B13294B6CAB00FBE1A4 /* DateSelectorView.swift in Sources */ = {isa = PBXBuildFile; fileRef = 29602B12294B6CAB00FBE1A4 /* DateSelectorView.swift */; };
		29602B15294B6DB400FBE1A4 /* DateSelectorTests.swift in Sources */ = {isa = PBXBuildFile; fileRef = 29602B14294B6DB400FBE1A4 /* DateSelectorTests.swift */; };
		2961EA3325CD9EEC00ED23C8 /* WebKit.framework in Frameworks */ = {isa = PBXBuildFile; fileRef = 2961EA3225CD9EEC00ED23C8 /* WebKit.framework */; };
		296FE04C295061C60015F7AA /* ScheduleView.swift in Sources */ = {isa = PBXBuildFile; fileRef = 296FE04B295061C60015F7AA /* ScheduleView.swift */; };
		296FE0522950988C0015F7AA /* ShowingListView.swift in Sources */ = {isa = PBXBuildFile; fileRef = 296FE0512950988C0015F7AA /* ShowingListView.swift */; };
		296FE0562950A8930015F7AA /* ScheduleTests.swift in Sources */ = {isa = PBXBuildFile; fileRef = 296FE0552950A8930015F7AA /* ScheduleTests.swift */; };
		296FE0592950E9AA0015F7AA /* Main.swift in Sources */ = {isa = PBXBuildFile; fileRef = 296FE0582950E9AA0015F7AA /* Main.swift */; };
		296FE05B2951F33E0015F7AA /* MainHostingController.swift in Sources */ = {isa = PBXBuildFile; fileRef = 296FE05A2951F33E0015F7AA /* MainHostingController.swift */; };
		296FE05D2951F3BF0015F7AA /* MainTests.swift in Sources */ = {isa = PBXBuildFile; fileRef = 296FE05C2951F3BF0015F7AA /* MainTests.swift */; };
		297C826D26B01DA30053F706 /* Venue.swift in Sources */ = {isa = PBXBuildFile; fileRef = 297C826C26B01DA30053F706 /* Venue.swift */; };
		29817F6B293BB60600E59D42 /* ComposableArchitecture in Frameworks */ = {isa = PBXBuildFile; productRef = 29817F6A293BB60600E59D42 /* ComposableArchitecture */; };
		29817F6D293BB60600E59D42 /* Dependencies in Frameworks */ = {isa = PBXBuildFile; productRef = 29817F6C293BB60600E59D42 /* Dependencies */; };
		29817F78293BC1E800E59D42 /* Settings.swift in Sources */ = {isa = PBXBuildFile; fileRef = 29817F77293BC1E800E59D42 /* Settings.swift */; };
		29817F7C293BD70100E59D42 /* SettingsView.swift in Sources */ = {isa = PBXBuildFile; fileRef = 29817F7B293BD70100E59D42 /* SettingsView.swift */; };
		29817F7E293C00CE00E59D42 /* SettingsTests.swift in Sources */ = {isa = PBXBuildFile; fileRef = 29817F7D293C00CE00E59D42 /* SettingsTests.swift */; };
		29817F85293CAB3400E59D42 /* ExitButtonView.swift in Sources */ = {isa = PBXBuildFile; fileRef = 29817F84293CAB3400E59D42 /* ExitButtonView.swift */; };
		298BBF132961F67800C2EA8C /* ShowingInfoBody.swift in Sources */ = {isa = PBXBuildFile; fileRef = 298BBF122961F67800C2EA8C /* ShowingInfoBody.swift */; };
		2991622B295226190084464C /* MainView.swift in Sources */ = {isa = PBXBuildFile; fileRef = 2991622A295226190084464C /* MainView.swift */; };
		29A8E1222A688321005FD2A6 /* Extension+TimeInterval.swift in Sources */ = {isa = PBXBuildFile; fileRef = 29A8E1212A688321005FD2A6 /* Extension+TimeInterval.swift */; };
		29AFB2332AC1A16000FC2D03 /* Extension+Locale.swift in Sources */ = {isa = PBXBuildFile; fileRef = 29AFB2322AC1A16000FC2D03 /* Extension+Locale.swift */; };
		29AFB2352AC1DA4200FC2D03 /* Previews.swift in Sources */ = {isa = PBXBuildFile; fileRef = 29AFB2342AC1DA4200FC2D03 /* Previews.swift */; };
		29AFB2382AC34FDB00FC2D03 /* LiveUserDefaultsClient.swift in Sources */ = {isa = PBXBuildFile; fileRef = 29AFB2372AC34FDB00FC2D03 /* LiveUserDefaultsClient.swift */; };
		29AFB23D2AC9AD5200FC2D03 /* GreetingView.swift in Sources */ = {isa = PBXBuildFile; fileRef = 29AFB23C2AC9AD5200FC2D03 /* GreetingView.swift */; };
		29AFB23F2AC9E60E00FC2D03 /* DateView.swift in Sources */ = {isa = PBXBuildFile; fileRef = 29AFB23E2AC9E60E00FC2D03 /* DateView.swift */; };
		29AFB2422ACA8D9E00FC2D03 /* UpcomingListView.swift in Sources */ = {isa = PBXBuildFile; fileRef = 29AFB2412ACA8D9E00FC2D03 /* UpcomingListView.swift */; };
		29B1BAE8296743D300A60E20 /* ShowingTimes.swift in Sources */ = {isa = PBXBuildFile; fileRef = 29B1BAE7296743D300A60E20 /* ShowingTimes.swift */; };
		29B1BAEA2967443600A60E20 /* ShowingTimesView.swift in Sources */ = {isa = PBXBuildFile; fileRef = 29B1BAE92967443600A60E20 /* ShowingTimesView.swift */; };
		29B4D94B23F1EC0600BD9783 /* City.swift in Sources */ = {isa = PBXBuildFile; fileRef = 29B4D94A23F1EC0600BD9783 /* City.swift */; };
		29BFAF86295F29E500655325 /* ShowingInfoTitle.swift in Sources */ = {isa = PBXBuildFile; fileRef = 29BFAF85295F29E500655325 /* ShowingInfoTitle.swift */; };
		29BFAF8E2961AE6200655325 /* GetterViews.swift in Sources */ = {isa = PBXBuildFile; fileRef = 29BFAF8D2961AE6200655325 /* GetterViews.swift */; };
		29C1EA8A2958EE78007B629B /* LoadingErrorView.swift in Sources */ = {isa = PBXBuildFile; fileRef = 29C1EA892958EE78007B629B /* LoadingErrorView.swift */; };
		29C1EA8C2958EF8C007B629B /* LoadingView.swift in Sources */ = {isa = PBXBuildFile; fileRef = 29C1EA8B2958EF8C007B629B /* LoadingView.swift */; };
		29D0ADC429FF03350086ECF6 /* UserDefaultsClient.swift in Sources */ = {isa = PBXBuildFile; fileRef = 29D0ADC329FF03350086ECF6 /* UserDefaultsClient.swift */; };
		29D98EC62970BEAB003E4E52 /* MovieDetailTests.swift in Sources */ = {isa = PBXBuildFile; fileRef = 29D98EC52970BEAB003E4E52 /* MovieDetailTests.swift */; };
		29DDA573295DBFA4000C4322 /* ShowingInfo.swift in Sources */ = {isa = PBXBuildFile; fileRef = 29DDA572295DBFA4000C4322 /* ShowingInfo.swift */; };
		29DDA575295DC125000C4322 /* ShowingInfoView.swift in Sources */ = {isa = PBXBuildFile; fileRef = 29DDA574295DC125000C4322 /* ShowingInfoView.swift */; };
		29DDA577295DCA2C000C4322 /* ShowingInfoHostingController.swift in Sources */ = {isa = PBXBuildFile; fileRef = 29DDA576295DCA2C000C4322 /* ShowingInfoHostingController.swift */; };
		29DFA037297879D700F648F4 /* Extension+AnyTransition.swift in Sources */ = {isa = PBXBuildFile; fileRef = 29DFA036297879D700F648F4 /* Extension+AnyTransition.swift */; };
		29E3069B296F09E0003A52C4 /* Extension+Color.swift in Sources */ = {isa = PBXBuildFile; fileRef = 29E3069A296F09E0003A52C4 /* Extension+Color.swift */; };
		29E3069D296F0A96003A52C4 /* Extension+URL.swift in Sources */ = {isa = PBXBuildFile; fileRef = 29E3069C296F0A96003A52C4 /* Extension+URL.swift */; };
		29E306A1296F14D9003A52C4 /* EmptyErrorView.swift in Sources */ = {isa = PBXBuildFile; fileRef = 29E306A0296F14D9003A52C4 /* EmptyErrorView.swift */; };
		29E306A3296F2271003A52C4 /* PassiveNavigationLink.swift in Sources */ = {isa = PBXBuildFile; fileRef = 29E306A2296F2271003A52C4 /* PassiveNavigationLink.swift */; };
		29E99C2E2402F5E7003A4141 /* CinemaUITests.swift in Sources */ = {isa = PBXBuildFile; fileRef = 29E99C2D2402F5E7003A4141 /* CinemaUITests.swift */; };
		29F3D6AD296AFE5300495BBD /* Extension+Date.swift in Sources */ = {isa = PBXBuildFile; fileRef = 29F3D6AC296AFE5300495BBD /* Extension+Date.swift */; };
		29F3D6AF296C07B200495BBD /* ShrinkOnPressView.swift in Sources */ = {isa = PBXBuildFile; fileRef = 29F3D6AE296C07B200495BBD /* ShrinkOnPressView.swift */; };
		29FBFB362A4F1EAD00308700 /* APIClient.swift in Sources */ = {isa = PBXBuildFile; fileRef = 29FBFB352A4F1EAD00308700 /* APIClient.swift */; };
		29FBFB382A4F1EB600308700 /* LiveAPIClient.swift in Sources */ = {isa = PBXBuildFile; fileRef = 29FBFB372A4F1EB600308700 /* LiveAPIClient.swift */; };
/* End PBXBuildFile section */

/* Begin PBXContainerItemProxy section */
		29B9C962237F42A30035EF0B /* PBXContainerItemProxy */ = {
			isa = PBXContainerItemProxy;
			containerPortal = 2904C7582336982B00407B64 /* Project object */;
			proxyType = 1;
			remoteGlobalIDString = 2904C75F2336982B00407B64;
			remoteInfo = Cinema;
		};
		29E99C302402F5E7003A4141 /* PBXContainerItemProxy */ = {
			isa = PBXContainerItemProxy;
			containerPortal = 2904C7582336982B00407B64 /* Project object */;
			proxyType = 1;
			remoteGlobalIDString = 2904C75F2336982B00407B64;
			remoteInfo = Cinema;
		};
/* End PBXContainerItemProxy section */

/* Begin PBXFileReference section */
		2904C7602336982B00407B64 /* iKinas.app */ = {isa = PBXFileReference; explicitFileType = wrapper.application; includeInIndex = 0; path = iKinas.app; sourceTree = BUILT_PRODUCTS_DIR; };
		2904C7632336982B00407B64 /* AppDelegate.swift */ = {isa = PBXFileReference; lastKnownFileType = sourcecode.swift; path = AppDelegate.swift; sourceTree = "<group>"; };
		2904C76D2336982D00407B64 /* Assets.xcassets */ = {isa = PBXFileReference; lastKnownFileType = folder.assetcatalog; path = Assets.xcassets; sourceTree = "<group>"; };
		2904C7702336982D00407B64 /* Base */ = {isa = PBXFileReference; lastKnownFileType = file.storyboard; name = Base; path = Base.lproj/LaunchScreen.storyboard; sourceTree = "<group>"; };
		2904C7722336982D00407B64 /* Info.plist */ = {isa = PBXFileReference; lastKnownFileType = text.plist.xml; path = Info.plist; sourceTree = "<group>"; };
		2904C79F2336A69B00407B64 /* Showing.swift */ = {isa = PBXFileReference; lastKnownFileType = sourcecode.swift; path = Showing.swift; sourceTree = "<group>"; };
		291525BC294E072800192153 /* NetworkImage.swift */ = {isa = PBXFileReference; lastKnownFileType = sourcecode.swift; path = NetworkImage.swift; sourceTree = "<group>"; };
		291525E2294E61A700192153 /* MovieListView.swift */ = {isa = PBXFileReference; lastKnownFileType = sourcecode.swift; path = MovieListView.swift; sourceTree = "<group>"; };
		291525E8294F145900192153 /* NetworkImageTests.swift */ = {isa = PBXFileReference; lastKnownFileType = sourcecode.swift; path = NetworkImageTests.swift; sourceTree = "<group>"; };
		291525EA294F336600192153 /* ImageClient.swift */ = {isa = PBXFileReference; lastKnownFileType = sourcecode.swift; path = ImageClient.swift; sourceTree = "<group>"; };
		291525EC294F4DE300192153 /* NetworkImageView.swift */ = {isa = PBXFileReference; lastKnownFileType = sourcecode.swift; path = NetworkImageView.swift; sourceTree = "<group>"; };
		291525EF294FACB100192153 /* Schedule.swift */ = {isa = PBXFileReference; lastKnownFileType = sourcecode.swift; path = Schedule.swift; sourceTree = "<group>"; };
		2932FB7E24D35D62009AEDD1 /* Main.storyboard */ = {isa = PBXFileReference; lastKnownFileType = file.storyboard; path = Main.storyboard; sourceTree = "<group>"; };
		293A436B29FBF00F00913707 /* HomeFeed.swift */ = {isa = PBXFileReference; lastKnownFileType = sourcecode.swift; path = HomeFeed.swift; sourceTree = "<group>"; };
		293A436D29FBF07600913707 /* HomeFeedView.swift */ = {isa = PBXFileReference; lastKnownFileType = sourcecode.swift; path = HomeFeedView.swift; sourceTree = "<group>"; };
		29602B10294B6C0A00FBE1A4 /* DateSelector.swift */ = {isa = PBXFileReference; lastKnownFileType = sourcecode.swift; path = DateSelector.swift; sourceTree = "<group>"; };
		29602B12294B6CAB00FBE1A4 /* DateSelectorView.swift */ = {isa = PBXFileReference; lastKnownFileType = sourcecode.swift; path = DateSelectorView.swift; sourceTree = "<group>"; };
		29602B14294B6DB400FBE1A4 /* DateSelectorTests.swift */ = {isa = PBXFileReference; lastKnownFileType = sourcecode.swift; path = DateSelectorTests.swift; sourceTree = "<group>"; };
		2961EA3225CD9EEC00ED23C8 /* WebKit.framework */ = {isa = PBXFileReference; lastKnownFileType = wrapper.framework; name = WebKit.framework; path = System/Library/Frameworks/WebKit.framework; sourceTree = SDKROOT; };
		296FE04B295061C60015F7AA /* ScheduleView.swift */ = {isa = PBXFileReference; lastKnownFileType = sourcecode.swift; path = ScheduleView.swift; sourceTree = "<group>"; };
		296FE0512950988C0015F7AA /* ShowingListView.swift */ = {isa = PBXFileReference; lastKnownFileType = sourcecode.swift; path = ShowingListView.swift; sourceTree = "<group>"; };
		296FE0552950A8930015F7AA /* ScheduleTests.swift */ = {isa = PBXFileReference; lastKnownFileType = sourcecode.swift; path = ScheduleTests.swift; sourceTree = "<group>"; };
		296FE0582950E9AA0015F7AA /* Main.swift */ = {isa = PBXFileReference; lastKnownFileType = sourcecode.swift; path = Main.swift; sourceTree = "<group>"; };
		296FE05A2951F33E0015F7AA /* MainHostingController.swift */ = {isa = PBXFileReference; lastKnownFileType = sourcecode.swift; path = MainHostingController.swift; sourceTree = "<group>"; };
		296FE05C2951F3BF0015F7AA /* MainTests.swift */ = {isa = PBXFileReference; lastKnownFileType = sourcecode.swift; path = MainTests.swift; sourceTree = "<group>"; };
		297C826C26B01DA30053F706 /* Venue.swift */ = {isa = PBXFileReference; lastKnownFileType = sourcecode.swift; path = Venue.swift; sourceTree = "<group>"; };
		29817F77293BC1E800E59D42 /* Settings.swift */ = {isa = PBXFileReference; lastKnownFileType = sourcecode.swift; path = Settings.swift; sourceTree = "<group>"; };
		29817F7B293BD70100E59D42 /* SettingsView.swift */ = {isa = PBXFileReference; lastKnownFileType = sourcecode.swift; path = SettingsView.swift; sourceTree = "<group>"; };
		29817F7D293C00CE00E59D42 /* SettingsTests.swift */ = {isa = PBXFileReference; lastKnownFileType = sourcecode.swift; path = SettingsTests.swift; sourceTree = "<group>"; };
		29817F84293CAB3400E59D42 /* ExitButtonView.swift */ = {isa = PBXFileReference; lastKnownFileType = sourcecode.swift; path = ExitButtonView.swift; sourceTree = "<group>"; };
		298BBF122961F67800C2EA8C /* ShowingInfoBody.swift */ = {isa = PBXFileReference; lastKnownFileType = sourcecode.swift; path = ShowingInfoBody.swift; sourceTree = "<group>"; };
		2991622A295226190084464C /* MainView.swift */ = {isa = PBXFileReference; lastKnownFileType = sourcecode.swift; path = MainView.swift; sourceTree = "<group>"; };
		29A8E1212A688321005FD2A6 /* Extension+TimeInterval.swift */ = {isa = PBXFileReference; lastKnownFileType = sourcecode.swift; path = "Extension+TimeInterval.swift"; sourceTree = "<group>"; };
		29AFB2322AC1A16000FC2D03 /* Extension+Locale.swift */ = {isa = PBXFileReference; lastKnownFileType = sourcecode.swift; path = "Extension+Locale.swift"; sourceTree = "<group>"; };
		29AFB2342AC1DA4200FC2D03 /* Previews.swift */ = {isa = PBXFileReference; lastKnownFileType = sourcecode.swift; path = Previews.swift; sourceTree = "<group>"; };
		29AFB2372AC34FDB00FC2D03 /* LiveUserDefaultsClient.swift */ = {isa = PBXFileReference; lastKnownFileType = sourcecode.swift; path = LiveUserDefaultsClient.swift; sourceTree = "<group>"; };
		29AFB23C2AC9AD5200FC2D03 /* GreetingView.swift */ = {isa = PBXFileReference; lastKnownFileType = sourcecode.swift; path = GreetingView.swift; sourceTree = "<group>"; };
		29AFB23E2AC9E60E00FC2D03 /* DateView.swift */ = {isa = PBXFileReference; lastKnownFileType = sourcecode.swift; path = DateView.swift; sourceTree = "<group>"; };
		29AFB2412ACA8D9E00FC2D03 /* UpcomingListView.swift */ = {isa = PBXFileReference; lastKnownFileType = sourcecode.swift; path = UpcomingListView.swift; sourceTree = "<group>"; };
		29B1BAE7296743D300A60E20 /* ShowingTimes.swift */ = {isa = PBXFileReference; lastKnownFileType = sourcecode.swift; path = ShowingTimes.swift; sourceTree = "<group>"; };
		29B1BAE92967443600A60E20 /* ShowingTimesView.swift */ = {isa = PBXFileReference; lastKnownFileType = sourcecode.swift; path = ShowingTimesView.swift; sourceTree = "<group>"; };
		29B4D94A23F1EC0600BD9783 /* City.swift */ = {isa = PBXFileReference; lastKnownFileType = sourcecode.swift; path = City.swift; sourceTree = "<group>"; };
		29B9C95D237F42A30035EF0B /* CinemaTests.xctest */ = {isa = PBXFileReference; explicitFileType = wrapper.cfbundle; includeInIndex = 0; path = CinemaTests.xctest; sourceTree = BUILT_PRODUCTS_DIR; };
		29B9C961237F42A30035EF0B /* Info.plist */ = {isa = PBXFileReference; lastKnownFileType = text.plist.xml; path = Info.plist; sourceTree = "<group>"; };
		29BFAF85295F29E500655325 /* ShowingInfoTitle.swift */ = {isa = PBXFileReference; lastKnownFileType = sourcecode.swift; path = ShowingInfoTitle.swift; sourceTree = "<group>"; };
		29BFAF8D2961AE6200655325 /* GetterViews.swift */ = {isa = PBXFileReference; lastKnownFileType = sourcecode.swift; path = GetterViews.swift; sourceTree = "<group>"; };
		29C1EA892958EE78007B629B /* LoadingErrorView.swift */ = {isa = PBXFileReference; lastKnownFileType = sourcecode.swift; path = LoadingErrorView.swift; sourceTree = "<group>"; };
		29C1EA8B2958EF8C007B629B /* LoadingView.swift */ = {isa = PBXFileReference; lastKnownFileType = sourcecode.swift; path = LoadingView.swift; sourceTree = "<group>"; };
		29D0ADC329FF03350086ECF6 /* UserDefaultsClient.swift */ = {isa = PBXFileReference; lastKnownFileType = sourcecode.swift; path = UserDefaultsClient.swift; sourceTree = "<group>"; };
		29D98EC52970BEAB003E4E52 /* MovieDetailTests.swift */ = {isa = PBXFileReference; lastKnownFileType = sourcecode.swift; path = MovieDetailTests.swift; sourceTree = "<group>"; };
		29DDA572295DBFA4000C4322 /* ShowingInfo.swift */ = {isa = PBXFileReference; lastKnownFileType = sourcecode.swift; path = ShowingInfo.swift; sourceTree = "<group>"; };
		29DDA574295DC125000C4322 /* ShowingInfoView.swift */ = {isa = PBXFileReference; lastKnownFileType = sourcecode.swift; path = ShowingInfoView.swift; sourceTree = "<group>"; };
		29DDA576295DCA2C000C4322 /* ShowingInfoHostingController.swift */ = {isa = PBXFileReference; lastKnownFileType = sourcecode.swift; path = ShowingInfoHostingController.swift; sourceTree = "<group>"; };
		29DFA036297879D700F648F4 /* Extension+AnyTransition.swift */ = {isa = PBXFileReference; lastKnownFileType = sourcecode.swift; path = "Extension+AnyTransition.swift"; sourceTree = "<group>"; };
		29E3069A296F09E0003A52C4 /* Extension+Color.swift */ = {isa = PBXFileReference; lastKnownFileType = sourcecode.swift; path = "Extension+Color.swift"; sourceTree = "<group>"; };
		29E3069C296F0A96003A52C4 /* Extension+URL.swift */ = {isa = PBXFileReference; lastKnownFileType = sourcecode.swift; path = "Extension+URL.swift"; sourceTree = "<group>"; };
		29E306A0296F14D9003A52C4 /* EmptyErrorView.swift */ = {isa = PBXFileReference; lastKnownFileType = sourcecode.swift; path = EmptyErrorView.swift; sourceTree = "<group>"; };
		29E306A2296F2271003A52C4 /* PassiveNavigationLink.swift */ = {isa = PBXFileReference; lastKnownFileType = sourcecode.swift; path = PassiveNavigationLink.swift; sourceTree = "<group>"; };
		29E99C2B2402F5E7003A4141 /* CinemaUITests.xctest */ = {isa = PBXFileReference; explicitFileType = wrapper.cfbundle; includeInIndex = 0; path = CinemaUITests.xctest; sourceTree = BUILT_PRODUCTS_DIR; };
		29E99C2D2402F5E7003A4141 /* CinemaUITests.swift */ = {isa = PBXFileReference; lastKnownFileType = sourcecode.swift; path = CinemaUITests.swift; sourceTree = "<group>"; };
		29E99C2F2402F5E7003A4141 /* Info.plist */ = {isa = PBXFileReference; lastKnownFileType = text.plist.xml; path = Info.plist; sourceTree = "<group>"; };
		29F3D6AC296AFE5300495BBD /* Extension+Date.swift */ = {isa = PBXFileReference; lastKnownFileType = sourcecode.swift; path = "Extension+Date.swift"; sourceTree = "<group>"; };
		29F3D6AE296C07B200495BBD /* ShrinkOnPressView.swift */ = {isa = PBXFileReference; lastKnownFileType = sourcecode.swift; path = ShrinkOnPressView.swift; sourceTree = "<group>"; };
		29FBFB352A4F1EAD00308700 /* APIClient.swift */ = {isa = PBXFileReference; lastKnownFileType = sourcecode.swift; path = APIClient.swift; sourceTree = "<group>"; };
		29FBFB372A4F1EB600308700 /* LiveAPIClient.swift */ = {isa = PBXFileReference; lastKnownFileType = sourcecode.swift; path = LiveAPIClient.swift; sourceTree = "<group>"; };
/* End PBXFileReference section */

/* Begin PBXFrameworksBuildPhase section */
		2904C75D2336982B00407B64 /* Frameworks */ = {
			isa = PBXFrameworksBuildPhase;
			buildActionMask = 2147483647;
			files = (
				29817F6D293BB60600E59D42 /* Dependencies in Frameworks */,
				29817F6B293BB60600E59D42 /* ComposableArchitecture in Frameworks */,
				2961EA3325CD9EEC00ED23C8 /* WebKit.framework in Frameworks */,
			);
			runOnlyForDeploymentPostprocessing = 0;
		};
		29B9C95A237F42A30035EF0B /* Frameworks */ = {
			isa = PBXFrameworksBuildPhase;
			buildActionMask = 2147483647;
			files = (
			);
			runOnlyForDeploymentPostprocessing = 0;
		};
		29E99C282402F5E7003A4141 /* Frameworks */ = {
			isa = PBXFrameworksBuildPhase;
			buildActionMask = 2147483647;
			files = (
			);
			runOnlyForDeploymentPostprocessing = 0;
		};
/* End PBXFrameworksBuildPhase section */

/* Begin PBXGroup section */
		2904C7572336982B00407B64 = {
			isa = PBXGroup;
			children = (
				2904C7622336982B00407B64 /* Cinema */,
				29B9C95E237F42A30035EF0B /* CinemaTests */,
				29E99C2C2402F5E7003A4141 /* CinemaUITests */,
				2904C7612336982B00407B64 /* Products */,
				2961EA3125CD9EEC00ED23C8 /* Frameworks */,
			);
			sourceTree = "<group>";
		};
		2904C7612336982B00407B64 /* Products */ = {
			isa = PBXGroup;
			children = (
				2904C7602336982B00407B64 /* iKinas.app */,
				29B9C95D237F42A30035EF0B /* CinemaTests.xctest */,
				29E99C2B2402F5E7003A4141 /* CinemaUITests.xctest */,
			);
			name = Products;
			sourceTree = "<group>";
		};
		2904C7622336982B00407B64 /* Cinema */ = {
			isa = PBXGroup;
			children = (
				2904C7632336982B00407B64 /* AppDelegate.swift */,
				29D0ADC129FF03170086ECF6 /* Clients */,
				29602B0F294B6BEC00FBE1A4 /* DateSelector */,
				293A436A29FBEFFD00913707 /* HomeFeed */,
				296FE0572950E9840015F7AA /* Main */,
				2904C7952336A10700407B64 /* Models */,
				291525BB294E071600192153 /* NetworkImage */,
				291525EE294FA9A100192153 /* Schedule */,
				29817F76293BC1D100E59D42 /* Settings */,
				29DDA571295DBF8F000C4322 /* ShowingInfo */,
				29B1BAE6296743BF00A60E20 /* ShowingTimes */,
				29BFAF8C2961AE3C00655325 /* Shared */,
				2904C76D2336982D00407B64 /* Assets.xcassets */,
				2904C7722336982D00407B64 /* Info.plist */,
				2904C76F2336982D00407B64 /* LaunchScreen.storyboard */,
				2932FB7E24D35D62009AEDD1 /* Main.storyboard */,
			);
			path = Cinema;
			sourceTree = "<group>";
		};
		2904C7952336A10700407B64 /* Models */ = {
			isa = PBXGroup;
			children = (
				29B4D94A23F1EC0600BD9783 /* City.swift */,
				2904C79F2336A69B00407B64 /* Showing.swift */,
				297C826C26B01DA30053F706 /* Venue.swift */,
			);
			path = Models;
			sourceTree = "<group>";
		};
		291525BB294E071600192153 /* NetworkImage */ = {
			isa = PBXGroup;
			children = (
				291525EA294F336600192153 /* ImageClient.swift */,
				291525BC294E072800192153 /* NetworkImage.swift */,
				291525EC294F4DE300192153 /* NetworkImageView.swift */,
			);
			path = NetworkImage;
			sourceTree = "<group>";
		};
		291525EE294FA9A100192153 /* Schedule */ = {
			isa = PBXGroup;
			children = (
				291525EF294FACB100192153 /* Schedule.swift */,
				296FE04B295061C60015F7AA /* ScheduleView.swift */,
				29F3D6B0296C485500495BBD /* Subviews */,
			);
			path = Schedule;
			sourceTree = "<group>";
		};
		2923004429620C21006537F6 /* Subviews */ = {
			isa = PBXGroup;
			children = (
				298BBF122961F67800C2EA8C /* ShowingInfoBody.swift */,
				29BFAF85295F29E500655325 /* ShowingInfoTitle.swift */,
			);
			path = Subviews;
			sourceTree = "<group>";
		};
		293A436A29FBEFFD00913707 /* HomeFeed */ = {
			isa = PBXGroup;
			children = (
				293A436B29FBF00F00913707 /* HomeFeed.swift */,
				293A436D29FBF07600913707 /* HomeFeedView.swift */,
				29AFB2402ACA8B7300FC2D03 /* Subviews */,
			);
			path = HomeFeed;
			sourceTree = "<group>";
		};
		29602B0F294B6BEC00FBE1A4 /* DateSelector */ = {
			isa = PBXGroup;
			children = (
				29602B10294B6C0A00FBE1A4 /* DateSelector.swift */,
				29602B12294B6CAB00FBE1A4 /* DateSelectorView.swift */,
			);
			path = DateSelector;
			sourceTree = "<group>";
		};
		2961EA3125CD9EEC00ED23C8 /* Frameworks */ = {
			isa = PBXGroup;
			children = (
				2961EA3225CD9EEC00ED23C8 /* WebKit.framework */,
			);
			name = Frameworks;
			sourceTree = "<group>";
		};
		296FE0572950E9840015F7AA /* Main */ = {
			isa = PBXGroup;
			children = (
				296FE0582950E9AA0015F7AA /* Main.swift */,
				296FE05A2951F33E0015F7AA /* MainHostingController.swift */,
				2991622A295226190084464C /* MainView.swift */,
				29E306A4296F244F003A52C4 /* Subviews */,
			);
			path = Main;
			sourceTree = "<group>";
		};
		29817F76293BC1D100E59D42 /* Settings */ = {
			isa = PBXGroup;
			children = (
				29817F77293BC1E800E59D42 /* Settings.swift */,
				29817F7B293BD70100E59D42 /* SettingsView.swift */,
			);
			path = Settings;
			sourceTree = "<group>";
		};
		29958963296E1CFE00AF0231 /* Extensions */ = {
			isa = PBXGroup;
			children = (
				29DFA036297879D700F648F4 /* Extension+AnyTransition.swift */,
				29E3069A296F09E0003A52C4 /* Extension+Color.swift */,
				29F3D6AC296AFE5300495BBD /* Extension+Date.swift */,
				29AFB2322AC1A16000FC2D03 /* Extension+Locale.swift */,
				29A8E1212A688321005FD2A6 /* Extension+TimeInterval.swift */,
				29E3069C296F0A96003A52C4 /* Extension+URL.swift */,
			);
			path = Extensions;
			sourceTree = "<group>";
		};
		29958964296E1D1C00AF0231 /* Views */ = {
			isa = PBXGroup;
			children = (
				29AFB23E2AC9E60E00FC2D03 /* DateView.swift */,
				29E306A0296F14D9003A52C4 /* EmptyErrorView.swift */,
				29817F84293CAB3400E59D42 /* ExitButtonView.swift */,
				29BFAF8D2961AE6200655325 /* GetterViews.swift */,
				29AFB23C2AC9AD5200FC2D03 /* GreetingView.swift */,
				29E306A2296F2271003A52C4 /* PassiveNavigationLink.swift */,
				29F3D6AE296C07B200495BBD /* ShrinkOnPressView.swift */,
			);
			path = Views;
			sourceTree = "<group>";
		};
		29AFB2362AC34FA500FC2D03 /* UserDefaultsClient */ = {
			isa = PBXGroup;
			children = (
				29AFB2372AC34FDB00FC2D03 /* LiveUserDefaultsClient.swift */,
				29D0ADC329FF03350086ECF6 /* UserDefaultsClient.swift */,
			);
			path = UserDefaultsClient;
			sourceTree = "<group>";
		};
		29AFB2402ACA8B7300FC2D03 /* Subviews */ = {
			isa = PBXGroup;
			children = (
				29AFB2412ACA8D9E00FC2D03 /* UpcomingListView.swift */,
			);
			path = Subviews;
			sourceTree = "<group>";
		};
		29B1BAE6296743BF00A60E20 /* ShowingTimes */ = {
			isa = PBXGroup;
			children = (
				29B1BAE7296743D300A60E20 /* ShowingTimes.swift */,
				29B1BAE92967443600A60E20 /* ShowingTimesView.swift */,
			);
			path = ShowingTimes;
			sourceTree = "<group>";
		};
		29B9C95E237F42A30035EF0B /* CinemaTests */ = {
			isa = PBXGroup;
			children = (
				29602B14294B6DB400FBE1A4 /* DateSelectorTests.swift */,
				296FE05C2951F3BF0015F7AA /* MainTests.swift */,
				29D98EC52970BEAB003E4E52 /* MovieDetailTests.swift */,
				291525E8294F145900192153 /* NetworkImageTests.swift */,
				296FE0552950A8930015F7AA /* ScheduleTests.swift */,
				29817F7D293C00CE00E59D42 /* SettingsTests.swift */,
				29B9C961237F42A30035EF0B /* Info.plist */,
			);
			path = CinemaTests;
			sourceTree = "<group>";
		};
		29BFAF8C2961AE3C00655325 /* Shared */ = {
			isa = PBXGroup;
			children = (
				29AFB2342AC1DA4200FC2D03 /* Previews.swift */,
				29958963296E1CFE00AF0231 /* Extensions */,
				29958964296E1D1C00AF0231 /* Views */,
			);
			path = Shared;
			sourceTree = "<group>";
		};
		29D0ADC129FF03170086ECF6 /* Clients */ = {
			isa = PBXGroup;
			children = (
				29FBFB342A4F1E9E00308700 /* APIClient */,
				29AFB2362AC34FA500FC2D03 /* UserDefaultsClient */,
			);
			path = Clients;
			sourceTree = "<group>";
		};
		29DDA571295DBF8F000C4322 /* ShowingInfo */ = {
			isa = PBXGroup;
			children = (
				29DDA572295DBFA4000C4322 /* ShowingInfo.swift */,
				29DDA576295DCA2C000C4322 /* ShowingInfoHostingController.swift */,
				29DDA574295DC125000C4322 /* ShowingInfoView.swift */,
				2923004429620C21006537F6 /* Subviews */,
			);
			path = ShowingInfo;
			sourceTree = "<group>";
		};
		29E306A4296F244F003A52C4 /* Subviews */ = {
			isa = PBXGroup;
			children = (
				29C1EA892958EE78007B629B /* LoadingErrorView.swift */,
				29C1EA8B2958EF8C007B629B /* LoadingView.swift */,
			);
			path = Subviews;
			sourceTree = "<group>";
		};
		29E99C2C2402F5E7003A4141 /* CinemaUITests */ = {
			isa = PBXGroup;
			children = (
				29E99C2D2402F5E7003A4141 /* CinemaUITests.swift */,
				29E99C2F2402F5E7003A4141 /* Info.plist */,
			);
			path = CinemaUITests;
			sourceTree = "<group>";
		};
		29F3D6B0296C485500495BBD /* Subviews */ = {
			isa = PBXGroup;
			children = (
				291525E2294E61A700192153 /* MovieListView.swift */,
				296FE0512950988C0015F7AA /* ShowingListView.swift */,
			);
			path = Subviews;
			sourceTree = "<group>";
		};
		29FBFB342A4F1E9E00308700 /* APIClient */ = {
			isa = PBXGroup;
			children = (
				29FBFB352A4F1EAD00308700 /* APIClient.swift */,
				29FBFB372A4F1EB600308700 /* LiveAPIClient.swift */,
			);
			path = APIClient;
			sourceTree = "<group>";
		};
/* End PBXGroup section */

/* Begin PBXNativeTarget section */
		2904C75F2336982B00407B64 /* Cinema */ = {
			isa = PBXNativeTarget;
			buildConfigurationList = 2904C78B2336982D00407B64 /* Build configuration list for PBXNativeTarget "Cinema" */;
			buildPhases = (
				2904C75C2336982B00407B64 /* Sources */,
				2904C75D2336982B00407B64 /* Frameworks */,
				2904C75E2336982B00407B64 /* Resources */,
				29B4D94D23F5BB6A00BD9783 /* Run Script */,
			);
			buildRules = (
			);
			dependencies = (
			);
			name = Cinema;
			packageProductDependencies = (
				29817F6A293BB60600E59D42 /* ComposableArchitecture */,
				29817F6C293BB60600E59D42 /* Dependencies */,
			);
			productName = Cinema;
			productReference = 2904C7602336982B00407B64 /* iKinas.app */;
			productType = "com.apple.product-type.application";
		};
		29B9C95C237F42A30035EF0B /* CinemaTests */ = {
			isa = PBXNativeTarget;
			buildConfigurationList = 29B9C966237F42A30035EF0B /* Build configuration list for PBXNativeTarget "CinemaTests" */;
			buildPhases = (
				29B9C959237F42A30035EF0B /* Sources */,
				29B9C95A237F42A30035EF0B /* Frameworks */,
				29B9C95B237F42A30035EF0B /* Resources */,
			);
			buildRules = (
			);
			dependencies = (
				29B9C963237F42A30035EF0B /* PBXTargetDependency */,
			);
			name = CinemaTests;
			productName = CinemaTests;
			productReference = 29B9C95D237F42A30035EF0B /* CinemaTests.xctest */;
			productType = "com.apple.product-type.bundle.unit-test";
		};
		29E99C2A2402F5E7003A4141 /* CinemaUITests */ = {
			isa = PBXNativeTarget;
			buildConfigurationList = 29E99C342402F5E7003A4141 /* Build configuration list for PBXNativeTarget "CinemaUITests" */;
			buildPhases = (
				29E99C272402F5E7003A4141 /* Sources */,
				29E99C282402F5E7003A4141 /* Frameworks */,
				29E99C292402F5E7003A4141 /* Resources */,
			);
			buildRules = (
			);
			dependencies = (
				29E99C312402F5E7003A4141 /* PBXTargetDependency */,
			);
			name = CinemaUITests;
			productName = CinemaUITests;
			productReference = 29E99C2B2402F5E7003A4141 /* CinemaUITests.xctest */;
			productType = "com.apple.product-type.bundle.ui-testing";
		};
/* End PBXNativeTarget section */

/* Begin PBXProject section */
		2904C7582336982B00407B64 /* Project object */ = {
			isa = PBXProject;
			attributes = {
				LastSwiftUpdateCheck = 1130;
				LastUpgradeCheck = 1230;
				ORGANIZATIONNAME = Marius;
				TargetAttributes = {
					2904C75F2336982B00407B64 = {
						CreatedOnToolsVersion = 10.3;
					};
					29B9C95C237F42A30035EF0B = {
						CreatedOnToolsVersion = 11.2;
						LastSwiftMigration = 1120;
						TestTargetID = 2904C75F2336982B00407B64;
					};
					29E99C2A2402F5E7003A4141 = {
						CreatedOnToolsVersion = 11.3;
						TestTargetID = 2904C75F2336982B00407B64;
					};
				};
			};
			buildConfigurationList = 2904C75B2336982B00407B64 /* Build configuration list for PBXProject "Cinema" */;
			compatibilityVersion = "Xcode 9.3";
			developmentRegion = en;
			hasScannedForEncodings = 0;
			knownRegions = (
				en,
				Base,
			);
			mainGroup = 2904C7572336982B00407B64;
			packageReferences = (
				29817F69293BB60600E59D42 /* XCRemoteSwiftPackageReference "swift-composable-architecture" */,
			);
			productRefGroup = 2904C7612336982B00407B64 /* Products */;
			projectDirPath = "";
			projectRoot = "";
			targets = (
				2904C75F2336982B00407B64 /* Cinema */,
				29B9C95C237F42A30035EF0B /* CinemaTests */,
				29E99C2A2402F5E7003A4141 /* CinemaUITests */,
			);
		};
/* End PBXProject section */

/* Begin PBXResourcesBuildPhase section */
		2904C75E2336982B00407B64 /* Resources */ = {
			isa = PBXResourcesBuildPhase;
			buildActionMask = 2147483647;
			files = (
				2904C7712336982D00407B64 /* LaunchScreen.storyboard in Resources */,
				2932FB7F24D35D62009AEDD1 /* Main.storyboard in Resources */,
				2904C76E2336982D00407B64 /* Assets.xcassets in Resources */,
			);
			runOnlyForDeploymentPostprocessing = 0;
		};
		29B9C95B237F42A30035EF0B /* Resources */ = {
			isa = PBXResourcesBuildPhase;
			buildActionMask = 2147483647;
			files = (
			);
			runOnlyForDeploymentPostprocessing = 0;
		};
		29E99C292402F5E7003A4141 /* Resources */ = {
			isa = PBXResourcesBuildPhase;
			buildActionMask = 2147483647;
			files = (
			);
			runOnlyForDeploymentPostprocessing = 0;
		};
/* End PBXResourcesBuildPhase section */

/* Begin PBXShellScriptBuildPhase section */
		29B4D94D23F5BB6A00BD9783 /* Run Script */ = {
			isa = PBXShellScriptBuildPhase;
			alwaysOutOfDate = 1;
			buildActionMask = 2147483647;
			files = (
			);
			inputFileListPaths = (
			);
			inputPaths = (
			);
			name = "Run Script";
			outputFileListPaths = (
			);
			outputPaths = (
			);
			runOnlyForDeploymentPostprocessing = 0;
			shellPath = /bin/sh;
			shellScript = "if which swiftlint >/dev/null; then\n  swiftlint\nelse\n  echo \"warning: SwiftLint not installed, download from https://github.com/realm/SwiftLint\"\nfi\n";
		};
/* End PBXShellScriptBuildPhase section */

/* Begin PBXSourcesBuildPhase section */
		2904C75C2336982B00407B64 /* Sources */ = {
			isa = PBXSourcesBuildPhase;
			buildActionMask = 2147483647;
			files = (
				29B4D94B23F1EC0600BD9783 /* City.swift in Sources */,
				296FE05B2951F33E0015F7AA /* MainHostingController.swift in Sources */,
				29DFA037297879D700F648F4 /* Extension+AnyTransition.swift in Sources */,
				298BBF132961F67800C2EA8C /* ShowingInfoBody.swift in Sources */,
				291525E3294E61A700192153 /* MovieListView.swift in Sources */,
				296FE04C295061C60015F7AA /* ScheduleView.swift in Sources */,
				291525EB294F336600192153 /* ImageClient.swift in Sources */,
				29FBFB382A4F1EB600308700 /* LiveAPIClient.swift in Sources */,
				29DDA575295DC125000C4322 /* ShowingInfoView.swift in Sources */,
				29BFAF86295F29E500655325 /* ShowingInfoTitle.swift in Sources */,
				29E306A3296F2271003A52C4 /* PassiveNavigationLink.swift in Sources */,
				29817F85293CAB3400E59D42 /* ExitButtonView.swift in Sources */,
				2991622B295226190084464C /* MainView.swift in Sources */,
				29E306A1296F14D9003A52C4 /* EmptyErrorView.swift in Sources */,
				29C1EA8C2958EF8C007B629B /* LoadingView.swift in Sources */,
				291525F0294FACB100192153 /* Schedule.swift in Sources */,
				291525ED294F4DE300192153 /* NetworkImageView.swift in Sources */,
				29602B11294B6C0A00FBE1A4 /* DateSelector.swift in Sources */,
				293A436C29FBF00F00913707 /* HomeFeed.swift in Sources */,
				29F3D6AD296AFE5300495BBD /* Extension+Date.swift in Sources */,
				29FBFB362A4F1EAD00308700 /* APIClient.swift in Sources */,
				29AFB23D2AC9AD5200FC2D03 /* GreetingView.swift in Sources */,
				29DDA573295DBFA4000C4322 /* ShowingInfo.swift in Sources */,
				29D0ADC429FF03350086ECF6 /* UserDefaultsClient.swift in Sources */,
				29BFAF8E2961AE6200655325 /* GetterViews.swift in Sources */,
				29C1EA8A2958EE78007B629B /* LoadingErrorView.swift in Sources */,
				2904C7642336982B00407B64 /* AppDelegate.swift in Sources */,
				296FE0522950988C0015F7AA /* ShowingListView.swift in Sources */,
				29A8E1222A688321005FD2A6 /* Extension+TimeInterval.swift in Sources */,
				297C826D26B01DA30053F706 /* Venue.swift in Sources */,
				29F3D6AF296C07B200495BBD /* ShrinkOnPressView.swift in Sources */,
				29E3069B296F09E0003A52C4 /* Extension+Color.swift in Sources */,
				29E3069D296F0A96003A52C4 /* Extension+URL.swift in Sources */,
				29817F7C293BD70100E59D42 /* SettingsView.swift in Sources */,
				29AFB2352AC1DA4200FC2D03 /* Previews.swift in Sources */,
				293A436E29FBF07600913707 /* HomeFeedView.swift in Sources */,
				29817F78293BC1E800E59D42 /* Settings.swift in Sources */,
				29AFB2382AC34FDB00FC2D03 /* LiveUserDefaultsClient.swift in Sources */,
				29B1BAEA2967443600A60E20 /* ShowingTimesView.swift in Sources */,
				29DDA577295DCA2C000C4322 /* ShowingInfoHostingController.swift in Sources */,
				296FE0592950E9AA0015F7AA /* Main.swift in Sources */,
				29602B13294B6CAB00FBE1A4 /* DateSelectorView.swift in Sources */,
				29AFB2422ACA8D9E00FC2D03 /* UpcomingListView.swift in Sources */,
				291525BD294E072800192153 /* NetworkImage.swift in Sources */,
				29AFB2332AC1A16000FC2D03 /* Extension+Locale.swift in Sources */,
				2904C7A02336A69B00407B64 /* Showing.swift in Sources */,
				29AFB23F2AC9E60E00FC2D03 /* DateView.swift in Sources */,
				29B1BAE8296743D300A60E20 /* ShowingTimes.swift in Sources */,
			);
			runOnlyForDeploymentPostprocessing = 0;
		};
		29B9C959237F42A30035EF0B /* Sources */ = {
			isa = PBXSourcesBuildPhase;
			buildActionMask = 2147483647;
			files = (
				291525E9294F145900192153 /* NetworkImageTests.swift in Sources */,
				29817F7E293C00CE00E59D42 /* SettingsTests.swift in Sources */,
				29602B15294B6DB400FBE1A4 /* DateSelectorTests.swift in Sources */,
				296FE05D2951F3BF0015F7AA /* MainTests.swift in Sources */,
				296FE0562950A8930015F7AA /* ScheduleTests.swift in Sources */,
				29D98EC62970BEAB003E4E52 /* MovieDetailTests.swift in Sources */,
			);
			runOnlyForDeploymentPostprocessing = 0;
		};
		29E99C272402F5E7003A4141 /* Sources */ = {
			isa = PBXSourcesBuildPhase;
			buildActionMask = 2147483647;
			files = (
				29E99C2E2402F5E7003A4141 /* CinemaUITests.swift in Sources */,
			);
			runOnlyForDeploymentPostprocessing = 0;
		};
/* End PBXSourcesBuildPhase section */

/* Begin PBXTargetDependency section */
		29B9C963237F42A30035EF0B /* PBXTargetDependency */ = {
			isa = PBXTargetDependency;
			target = 2904C75F2336982B00407B64 /* Cinema */;
			targetProxy = 29B9C962237F42A30035EF0B /* PBXContainerItemProxy */;
		};
		29E99C312402F5E7003A4141 /* PBXTargetDependency */ = {
			isa = PBXTargetDependency;
			target = 2904C75F2336982B00407B64 /* Cinema */;
			targetProxy = 29E99C302402F5E7003A4141 /* PBXContainerItemProxy */;
		};
/* End PBXTargetDependency section */

/* Begin PBXVariantGroup section */
		2904C76F2336982D00407B64 /* LaunchScreen.storyboard */ = {
			isa = PBXVariantGroup;
			children = (
				2904C7702336982D00407B64 /* Base */,
			);
			name = LaunchScreen.storyboard;
			sourceTree = "<group>";
		};
/* End PBXVariantGroup section */

/* Begin XCBuildConfiguration section */
		2904C7892336982D00407B64 /* Debug */ = {
			isa = XCBuildConfiguration;
			buildSettings = {
				ALWAYS_SEARCH_USER_PATHS = NO;
				CLANG_ANALYZER_NONNULL = YES;
				CLANG_ANALYZER_NUMBER_OBJECT_CONVERSION = YES_AGGRESSIVE;
				CLANG_CXX_LANGUAGE_STANDARD = "gnu++14";
				CLANG_CXX_LIBRARY = "libc++";
				CLANG_ENABLE_MODULES = YES;
				CLANG_ENABLE_OBJC_ARC = YES;
				CLANG_ENABLE_OBJC_WEAK = YES;
				CLANG_WARN_BLOCK_CAPTURE_AUTORELEASING = YES;
				CLANG_WARN_BOOL_CONVERSION = YES;
				CLANG_WARN_COMMA = YES;
				CLANG_WARN_CONSTANT_CONVERSION = YES;
				CLANG_WARN_DEPRECATED_OBJC_IMPLEMENTATIONS = YES;
				CLANG_WARN_DIRECT_OBJC_ISA_USAGE = YES_ERROR;
				CLANG_WARN_DOCUMENTATION_COMMENTS = YES;
				CLANG_WARN_EMPTY_BODY = YES;
				CLANG_WARN_ENUM_CONVERSION = YES;
				CLANG_WARN_INFINITE_RECURSION = YES;
				CLANG_WARN_INT_CONVERSION = YES;
				CLANG_WARN_NON_LITERAL_NULL_CONVERSION = YES;
				CLANG_WARN_OBJC_IMPLICIT_RETAIN_SELF = YES;
				CLANG_WARN_OBJC_LITERAL_CONVERSION = YES;
				CLANG_WARN_OBJC_ROOT_CLASS = YES_ERROR;
				CLANG_WARN_QUOTED_INCLUDE_IN_FRAMEWORK_HEADER = YES;
				CLANG_WARN_RANGE_LOOP_ANALYSIS = YES;
				CLANG_WARN_STRICT_PROTOTYPES = YES;
				CLANG_WARN_SUSPICIOUS_MOVE = YES;
				CLANG_WARN_UNGUARDED_AVAILABILITY = YES_AGGRESSIVE;
				CLANG_WARN_UNREACHABLE_CODE = YES;
				CLANG_WARN__DUPLICATE_METHOD_MATCH = YES;
				CODE_SIGN_IDENTITY = "iPhone Developer";
				COPY_PHASE_STRIP = NO;
				DEBUG_INFORMATION_FORMAT = dwarf;
				ENABLE_STRICT_OBJC_MSGSEND = YES;
				ENABLE_TESTABILITY = YES;
				GCC_C_LANGUAGE_STANDARD = gnu11;
				GCC_DYNAMIC_NO_PIC = NO;
				GCC_NO_COMMON_BLOCKS = YES;
				GCC_OPTIMIZATION_LEVEL = 0;
				GCC_PREPROCESSOR_DEFINITIONS = (
					"DEBUG=1",
					"$(inherited)",
				);
				GCC_WARN_64_TO_32_BIT_CONVERSION = YES;
				GCC_WARN_ABOUT_RETURN_TYPE = YES_ERROR;
				GCC_WARN_UNDECLARED_SELECTOR = YES;
				GCC_WARN_UNINITIALIZED_AUTOS = YES_AGGRESSIVE;
				GCC_WARN_UNUSED_FUNCTION = YES;
				GCC_WARN_UNUSED_VARIABLE = YES;
				IPHONEOS_DEPLOYMENT_TARGET = 14.0;
				MTL_ENABLE_DEBUG_INFO = INCLUDE_SOURCE;
				MTL_FAST_MATH = YES;
				ONLY_ACTIVE_ARCH = YES;
				SDKROOT = iphoneos;
				SWIFT_ACTIVE_COMPILATION_CONDITIONS = DEBUG;
				SWIFT_OPTIMIZATION_LEVEL = "-Onone";
				TARGETED_DEVICE_FAMILY = 1;
			};
			name = Debug;
		};
		2904C78A2336982D00407B64 /* Release */ = {
			isa = XCBuildConfiguration;
			buildSettings = {
				ALWAYS_SEARCH_USER_PATHS = NO;
				CLANG_ANALYZER_NONNULL = YES;
				CLANG_ANALYZER_NUMBER_OBJECT_CONVERSION = YES_AGGRESSIVE;
				CLANG_CXX_LANGUAGE_STANDARD = "gnu++14";
				CLANG_CXX_LIBRARY = "libc++";
				CLANG_ENABLE_MODULES = YES;
				CLANG_ENABLE_OBJC_ARC = YES;
				CLANG_ENABLE_OBJC_WEAK = YES;
				CLANG_WARN_BLOCK_CAPTURE_AUTORELEASING = YES;
				CLANG_WARN_BOOL_CONVERSION = YES;
				CLANG_WARN_COMMA = YES;
				CLANG_WARN_CONSTANT_CONVERSION = YES;
				CLANG_WARN_DEPRECATED_OBJC_IMPLEMENTATIONS = YES;
				CLANG_WARN_DIRECT_OBJC_ISA_USAGE = YES_ERROR;
				CLANG_WARN_DOCUMENTATION_COMMENTS = YES;
				CLANG_WARN_EMPTY_BODY = YES;
				CLANG_WARN_ENUM_CONVERSION = YES;
				CLANG_WARN_INFINITE_RECURSION = YES;
				CLANG_WARN_INT_CONVERSION = YES;
				CLANG_WARN_NON_LITERAL_NULL_CONVERSION = YES;
				CLANG_WARN_OBJC_IMPLICIT_RETAIN_SELF = YES;
				CLANG_WARN_OBJC_LITERAL_CONVERSION = YES;
				CLANG_WARN_OBJC_ROOT_CLASS = YES_ERROR;
				CLANG_WARN_QUOTED_INCLUDE_IN_FRAMEWORK_HEADER = YES;
				CLANG_WARN_RANGE_LOOP_ANALYSIS = YES;
				CLANG_WARN_STRICT_PROTOTYPES = YES;
				CLANG_WARN_SUSPICIOUS_MOVE = YES;
				CLANG_WARN_UNGUARDED_AVAILABILITY = YES_AGGRESSIVE;
				CLANG_WARN_UNREACHABLE_CODE = YES;
				CLANG_WARN__DUPLICATE_METHOD_MATCH = YES;
				CODE_SIGN_IDENTITY = "iPhone Developer";
				COPY_PHASE_STRIP = NO;
				DEBUG_INFORMATION_FORMAT = "dwarf-with-dsym";
				ENABLE_NS_ASSERTIONS = NO;
				ENABLE_STRICT_OBJC_MSGSEND = YES;
				GCC_C_LANGUAGE_STANDARD = gnu11;
				GCC_NO_COMMON_BLOCKS = YES;
				GCC_WARN_64_TO_32_BIT_CONVERSION = YES;
				GCC_WARN_ABOUT_RETURN_TYPE = YES_ERROR;
				GCC_WARN_UNDECLARED_SELECTOR = YES;
				GCC_WARN_UNINITIALIZED_AUTOS = YES_AGGRESSIVE;
				GCC_WARN_UNUSED_FUNCTION = YES;
				GCC_WARN_UNUSED_VARIABLE = YES;
				IPHONEOS_DEPLOYMENT_TARGET = 14.0;
				MTL_ENABLE_DEBUG_INFO = NO;
				MTL_FAST_MATH = YES;
				SDKROOT = iphoneos;
				SWIFT_COMPILATION_MODE = wholemodule;
				SWIFT_OPTIMIZATION_LEVEL = "-O";
				TARGETED_DEVICE_FAMILY = 1;
				VALIDATE_PRODUCT = YES;
			};
			name = Release;
		};
		2904C78C2336982D00407B64 /* Debug */ = {
			isa = XCBuildConfiguration;
			buildSettings = {
				ASSETCATALOG_COMPILER_APPICON_NAME = AppIcon;
				CODE_SIGN_STYLE = Automatic;
				CURRENT_PROJECT_VERSION = 35;
				DEVELOPMENT_TEAM = LZTF7R47SK;
				INFOPLIST_FILE = Cinema/Info.plist;
				IPHONEOS_DEPLOYMENT_TARGET = 14.0;
				LD_RUNPATH_SEARCH_PATHS = (
					"$(inherited)",
					"@executable_path/Frameworks",
				);
				MARKETING_VERSION = 1.4.1;
				PRODUCT_BUNDLE_IDENTIFIER = com.MariusK.Cinema;
				PRODUCT_NAME = iKinas;
				SWIFT_VERSION = 5.0;
				TARGETED_DEVICE_FAMILY = 1;
			};
			name = Debug;
		};
		2904C78D2336982D00407B64 /* Release */ = {
			isa = XCBuildConfiguration;
			buildSettings = {
				ASSETCATALOG_COMPILER_APPICON_NAME = AppIcon;
				CODE_SIGN_STYLE = Automatic;
				CURRENT_PROJECT_VERSION = 35;
				DEVELOPMENT_TEAM = LZTF7R47SK;
				INFOPLIST_FILE = Cinema/Info.plist;
				IPHONEOS_DEPLOYMENT_TARGET = 14.0;
				LD_RUNPATH_SEARCH_PATHS = (
					"$(inherited)",
					"@executable_path/Frameworks",
				);
				MARKETING_VERSION = 1.4.1;
				PRODUCT_BUNDLE_IDENTIFIER = com.MariusK.Cinema;
				PRODUCT_NAME = iKinas;
				SWIFT_VERSION = 5.0;
				TARGETED_DEVICE_FAMILY = 1;
			};
			name = Release;
		};
		29B9C964237F42A30035EF0B /* Debug */ = {
			isa = XCBuildConfiguration;
			buildSettings = {
				BUNDLE_LOADER = "$(TEST_HOST)";
				CLANG_ENABLE_MODULES = YES;
				CODE_SIGN_STYLE = Automatic;
				DEVELOPMENT_TEAM = LZTF7R47SK;
				INFOPLIST_FILE = CinemaTests/Info.plist;
				IPHONEOS_DEPLOYMENT_TARGET = 14.0;
				LD_RUNPATH_SEARCH_PATHS = (
					"$(inherited)",
					"@executable_path/Frameworks",
					"@loader_path/Frameworks",
				);
				PRODUCT_BUNDLE_IDENTIFIER = com.MariusK.CinemaTests;
				PRODUCT_NAME = "$(TARGET_NAME)";
				SWIFT_INSTALL_OBJC_HEADER = NO;
				SWIFT_OPTIMIZATION_LEVEL = "-Onone";
				SWIFT_VERSION = 5.0;
				TARGETED_DEVICE_FAMILY = "1,2";
				TEST_HOST = "$(BUILT_PRODUCTS_DIR)/iKinas.app/iKinas";
			};
			name = Debug;
		};
		29B9C965237F42A30035EF0B /* Release */ = {
			isa = XCBuildConfiguration;
			buildSettings = {
				BUNDLE_LOADER = "$(TEST_HOST)";
				CLANG_ENABLE_MODULES = YES;
				CODE_SIGN_STYLE = Automatic;
				DEVELOPMENT_TEAM = LZTF7R47SK;
				INFOPLIST_FILE = CinemaTests/Info.plist;
				IPHONEOS_DEPLOYMENT_TARGET = 14.0;
				LD_RUNPATH_SEARCH_PATHS = (
					"$(inherited)",
					"@executable_path/Frameworks",
					"@loader_path/Frameworks",
				);
				PRODUCT_BUNDLE_IDENTIFIER = com.MariusK.CinemaTests;
				PRODUCT_NAME = "$(TARGET_NAME)";
				SWIFT_INSTALL_OBJC_HEADER = NO;
				SWIFT_VERSION = 5.0;
				TARGETED_DEVICE_FAMILY = "1,2";
				TEST_HOST = "$(BUILT_PRODUCTS_DIR)/iKinas.app/iKinas";
			};
			name = Release;
		};
		29E99C322402F5E7003A4141 /* Debug */ = {
			isa = XCBuildConfiguration;
			buildSettings = {
				CODE_SIGN_STYLE = Automatic;
				DEVELOPMENT_TEAM = LZTF7R47SK;
				INFOPLIST_FILE = CinemaUITests/Info.plist;
				IPHONEOS_DEPLOYMENT_TARGET = 14.0;
				LD_RUNPATH_SEARCH_PATHS = (
					"$(inherited)",
					"@executable_path/Frameworks",
					"@loader_path/Frameworks",
				);
				PRODUCT_BUNDLE_IDENTIFIER = com.MariusK.CinemaUITests;
				PRODUCT_NAME = "$(TARGET_NAME)";
				SWIFT_VERSION = 5.0;
				TARGETED_DEVICE_FAMILY = "1,2";
				TEST_TARGET_NAME = Cinema;
			};
			name = Debug;
		};
		29E99C332402F5E7003A4141 /* Release */ = {
			isa = XCBuildConfiguration;
			buildSettings = {
				CODE_SIGN_STYLE = Automatic;
				DEVELOPMENT_TEAM = LZTF7R47SK;
				INFOPLIST_FILE = CinemaUITests/Info.plist;
				IPHONEOS_DEPLOYMENT_TARGET = 14.0;
				LD_RUNPATH_SEARCH_PATHS = (
					"$(inherited)",
					"@executable_path/Frameworks",
					"@loader_path/Frameworks",
				);
				PRODUCT_BUNDLE_IDENTIFIER = com.MariusK.CinemaUITests;
				PRODUCT_NAME = "$(TARGET_NAME)";
				SWIFT_VERSION = 5.0;
				TARGETED_DEVICE_FAMILY = "1,2";
				TEST_TARGET_NAME = Cinema;
			};
			name = Release;
		};
/* End XCBuildConfiguration section */

/* Begin XCConfigurationList section */
		2904C75B2336982B00407B64 /* Build configuration list for PBXProject "Cinema" */ = {
			isa = XCConfigurationList;
			buildConfigurations = (
				2904C7892336982D00407B64 /* Debug */,
				2904C78A2336982D00407B64 /* Release */,
			);
			defaultConfigurationIsVisible = 0;
			defaultConfigurationName = Release;
		};
		2904C78B2336982D00407B64 /* Build configuration list for PBXNativeTarget "Cinema" */ = {
			isa = XCConfigurationList;
			buildConfigurations = (
				2904C78C2336982D00407B64 /* Debug */,
				2904C78D2336982D00407B64 /* Release */,
			);
			defaultConfigurationIsVisible = 0;
			defaultConfigurationName = Release;
		};
		29B9C966237F42A30035EF0B /* Build configuration list for PBXNativeTarget "CinemaTests" */ = {
			isa = XCConfigurationList;
			buildConfigurations = (
				29B9C964237F42A30035EF0B /* Debug */,
				29B9C965237F42A30035EF0B /* Release */,
			);
			defaultConfigurationIsVisible = 0;
			defaultConfigurationName = Release;
		};
		29E99C342402F5E7003A4141 /* Build configuration list for PBXNativeTarget "CinemaUITests" */ = {
			isa = XCConfigurationList;
			buildConfigurations = (
				29E99C322402F5E7003A4141 /* Debug */,
				29E99C332402F5E7003A4141 /* Release */,
			);
			defaultConfigurationIsVisible = 0;
			defaultConfigurationName = Release;
		};
/* End XCConfigurationList section */

/* Begin XCRemoteSwiftPackageReference section */
		29817F69293BB60600E59D42 /* XCRemoteSwiftPackageReference "swift-composable-architecture" */ = {
			isa = XCRemoteSwiftPackageReference;
			repositoryURL = "https://github.com/pointfreeco/swift-composable-architecture";
			requirement = {
				branch = main;
				kind = branch;
			};
		};
/* End XCRemoteSwiftPackageReference section */

/* Begin XCSwiftPackageProductDependency section */
		29817F6A293BB60600E59D42 /* ComposableArchitecture */ = {
			isa = XCSwiftPackageProductDependency;
			package = 29817F69293BB60600E59D42 /* XCRemoteSwiftPackageReference "swift-composable-architecture" */;
			productName = ComposableArchitecture;
		};
		29817F6C293BB60600E59D42 /* Dependencies */ = {
			isa = XCSwiftPackageProductDependency;
			package = 29817F69293BB60600E59D42 /* XCRemoteSwiftPackageReference "swift-composable-architecture" */;
			productName = Dependencies;
		};
/* End XCSwiftPackageProductDependency section */
	};
	rootObject = 2904C7582336982B00407B64 /* Project object */;
}
