// !$*UTF8*$!
{
	archiveVersion = 1;
	classes = {
	};
	objectVersion = 54;
	objects = {

/* Begin PBXBuildFile section */
		2904C7642336982B00407B64 /* AppDelegate.swift in Sources */ = {isa = PBXBuildFile; fileRef = 2904C7632336982B00407B64 /* AppDelegate.swift */; };
		2904C76E2336982D00407B64 /* Assets.xcassets in Resources */ = {isa = PBXBuildFile; fileRef = 2904C76D2336982D00407B64 /* Assets.xcassets */; };
		2904C7712336982D00407B64 /* LaunchScreen.storyboard in Resources */ = {isa = PBXBuildFile; fileRef = 2904C76F2336982D00407B64 /* LaunchScreen.storyboard */; };
		2904C79E2336A69100407B64 /* Movie.swift in Sources */ = {isa = PBXBuildFile; fileRef = 2904C79D2336A69100407B64 /* Movie.swift */; };
		2904C7A02336A69B00407B64 /* Showing.swift in Sources */ = {isa = PBXBuildFile; fileRef = 2904C79F2336A69B00407B64 /* Showing.swift */; };
		2904C7A32336B09100407B64 /* Extensions.swift in Sources */ = {isa = PBXBuildFile; fileRef = 2904C7A22336B09100407B64 /* Extensions.swift */; };
		2904C7B6233BC6F700407B64 /* Constants.swift in Sources */ = {isa = PBXBuildFile; fileRef = 2904C7B5233BC6F700407B64 /* Constants.swift */; };
		2915259B294CE58C00192153 /* MovieList.swift in Sources */ = {isa = PBXBuildFile; fileRef = 2915259A294CE58C00192153 /* MovieList.swift */; };
		291525BD294E072800192153 /* NetworkImage.swift in Sources */ = {isa = PBXBuildFile; fileRef = 291525BC294E072800192153 /* NetworkImage.swift */; };
		291525DF294E4D3C00192153 /* MovieItem.swift in Sources */ = {isa = PBXBuildFile; fileRef = 291525DE294E4D3C00192153 /* MovieItem.swift */; };
		291525E1294E4E0D00192153 /* MovieItemView.swift in Sources */ = {isa = PBXBuildFile; fileRef = 291525E0294E4E0D00192153 /* MovieItemView.swift */; };
		291525E3294E61A700192153 /* MovieListView.swift in Sources */ = {isa = PBXBuildFile; fileRef = 291525E2294E61A700192153 /* MovieListView.swift */; };
		291525E5294F137D00192153 /* MovieItemTests.swift in Sources */ = {isa = PBXBuildFile; fileRef = 291525E4294F137D00192153 /* MovieItemTests.swift */; };
		291525E7294F141800192153 /* MovieListTests.swift in Sources */ = {isa = PBXBuildFile; fileRef = 291525E6294F141800192153 /* MovieListTests.swift */; };
		291525E9294F145900192153 /* NetworkImageTests.swift in Sources */ = {isa = PBXBuildFile; fileRef = 291525E8294F145900192153 /* NetworkImageTests.swift */; };
		291525EB294F336600192153 /* ImageClient.swift in Sources */ = {isa = PBXBuildFile; fileRef = 291525EA294F336600192153 /* ImageClient.swift */; };
		291525ED294F4DE300192153 /* NetworkImageView.swift in Sources */ = {isa = PBXBuildFile; fileRef = 291525EC294F4DE300192153 /* NetworkImageView.swift */; };
		291525F0294FACB100192153 /* Schedule.swift in Sources */ = {isa = PBXBuildFile; fileRef = 291525EF294FACB100192153 /* Schedule.swift */; };
		291525F3294FB7EC00192153 /* ShowingList.swift in Sources */ = {isa = PBXBuildFile; fileRef = 291525F2294FB7EC00192153 /* ShowingList.swift */; };
		2932FB7F24D35D62009AEDD1 /* Main.storyboard in Resources */ = {isa = PBXBuildFile; fileRef = 2932FB7E24D35D62009AEDD1 /* Main.storyboard */; };
		2956C7FE29532AAC007F60A4 /* MovieClient.swift in Sources */ = {isa = PBXBuildFile; fileRef = 2956C7FD29532AAC007F60A4 /* MovieClient.swift */; };
		29602B11294B6C0A00FBE1A4 /* DateSelector.swift in Sources */ = {isa = PBXBuildFile; fileRef = 29602B10294B6C0A00FBE1A4 /* DateSelector.swift */; };
		29602B13294B6CAB00FBE1A4 /* DateSelectorView.swift in Sources */ = {isa = PBXBuildFile; fileRef = 29602B12294B6CAB00FBE1A4 /* DateSelectorView.swift */; };
		29602B15294B6DB400FBE1A4 /* DateSelectorTests.swift in Sources */ = {isa = PBXBuildFile; fileRef = 29602B14294B6DB400FBE1A4 /* DateSelectorTests.swift */; };
		2961EA2D25CC9EFB00ED23C8 /* WebViewController.swift in Sources */ = {isa = PBXBuildFile; fileRef = 2961EA2C25CC9EFB00ED23C8 /* WebViewController.swift */; };
		2961EA3325CD9EEC00ED23C8 /* WebKit.framework in Frameworks */ = {isa = PBXBuildFile; fileRef = 2961EA3225CD9EEC00ED23C8 /* WebKit.framework */; };
		296FE04C295061C60015F7AA /* ScheduleView.swift in Sources */ = {isa = PBXBuildFile; fileRef = 296FE04B295061C60015F7AA /* ScheduleView.swift */; };
		296FE04E295095190015F7AA /* ShowingItemView.swift in Sources */ = {isa = PBXBuildFile; fileRef = 296FE04D295095190015F7AA /* ShowingItemView.swift */; };
		296FE050295097B00015F7AA /* ShowingItemTests.swift in Sources */ = {isa = PBXBuildFile; fileRef = 296FE04F295097B00015F7AA /* ShowingItemTests.swift */; };
		296FE0522950988C0015F7AA /* ShowingListView.swift in Sources */ = {isa = PBXBuildFile; fileRef = 296FE0512950988C0015F7AA /* ShowingListView.swift */; };
		296FE05429509FA50015F7AA /* ShowingListTests.swift in Sources */ = {isa = PBXBuildFile; fileRef = 296FE05329509FA50015F7AA /* ShowingListTests.swift */; };
		296FE0562950A8930015F7AA /* ScheduleTests.swift in Sources */ = {isa = PBXBuildFile; fileRef = 296FE0552950A8930015F7AA /* ScheduleTests.swift */; };
		296FE0592950E9AA0015F7AA /* Main.swift in Sources */ = {isa = PBXBuildFile; fileRef = 296FE0582950E9AA0015F7AA /* Main.swift */; };
		296FE05B2951F33E0015F7AA /* MainHostingController.swift in Sources */ = {isa = PBXBuildFile; fileRef = 296FE05A2951F33E0015F7AA /* MainHostingController.swift */; };
		296FE05D2951F3BF0015F7AA /* MainTests.swift in Sources */ = {isa = PBXBuildFile; fileRef = 296FE05C2951F3BF0015F7AA /* MainTests.swift */; };
		2979ECEE29504802009B743E /* ShowingItem.swift in Sources */ = {isa = PBXBuildFile; fileRef = 2979ECED29504802009B743E /* ShowingItem.swift */; };
		297C826D26B01DA30053F706 /* Venue.swift in Sources */ = {isa = PBXBuildFile; fileRef = 297C826C26B01DA30053F706 /* Venue.swift */; };
		29817F6B293BB60600E59D42 /* ComposableArchitecture in Frameworks */ = {isa = PBXBuildFile; productRef = 29817F6A293BB60600E59D42 /* ComposableArchitecture */; };
		29817F6D293BB60600E59D42 /* Dependencies in Frameworks */ = {isa = PBXBuildFile; productRef = 29817F6C293BB60600E59D42 /* Dependencies */; };
		29817F78293BC1E800E59D42 /* Settings.swift in Sources */ = {isa = PBXBuildFile; fileRef = 29817F77293BC1E800E59D42 /* Settings.swift */; };
		29817F7A293BCE5F00E59D42 /* SettingsClient.swift in Sources */ = {isa = PBXBuildFile; fileRef = 29817F79293BCE5F00E59D42 /* SettingsClient.swift */; };
		29817F7C293BD70100E59D42 /* SettingsView.swift in Sources */ = {isa = PBXBuildFile; fileRef = 29817F7B293BD70100E59D42 /* SettingsView.swift */; };
		29817F7E293C00CE00E59D42 /* SettingsTests.swift in Sources */ = {isa = PBXBuildFile; fileRef = 29817F7D293C00CE00E59D42 /* SettingsTests.swift */; };
		29817F81293CA68100E59D42 /* CityListView.swift in Sources */ = {isa = PBXBuildFile; fileRef = 29817F80293CA68100E59D42 /* CityListView.swift */; };
		29817F83293CA6CB00E59D42 /* VenueListView.swift in Sources */ = {isa = PBXBuildFile; fileRef = 29817F82293CA6CB00E59D42 /* VenueListView.swift */; };
		29817F85293CAB3400E59D42 /* ExitButtonView.swift in Sources */ = {isa = PBXBuildFile; fileRef = 29817F84293CAB3400E59D42 /* ExitButtonView.swift */; };
		298BBF132961F67800C2EA8C /* BodyView.swift in Sources */ = {isa = PBXBuildFile; fileRef = 298BBF122961F67800C2EA8C /* BodyView.swift */; };
		298BBF162961F76500C2EA8C /* PosterView.swift in Sources */ = {isa = PBXBuildFile; fileRef = 298BBF152961F76500C2EA8C /* PosterView.swift */; };
		2991622B295226190084464C /* MainView.swift in Sources */ = {isa = PBXBuildFile; fileRef = 2991622A295226190084464C /* MainView.swift */; };
		2991622F29524CE80084464C /* LabelViews.swift in Sources */ = {isa = PBXBuildFile; fileRef = 2991622E29524CE80084464C /* LabelViews.swift */; };
		29B1BAE5296497CF00A60E20 /* DatasourceErrorView.swift in Sources */ = {isa = PBXBuildFile; fileRef = 29B1BAE4296497CF00A60E20 /* DatasourceErrorView.swift */; };
		29B1BAE8296743D300A60E20 /* ShowingDetail.swift in Sources */ = {isa = PBXBuildFile; fileRef = 29B1BAE7296743D300A60E20 /* ShowingDetail.swift */; };
		29B4D94B23F1EC0600BD9783 /* City.swift in Sources */ = {isa = PBXBuildFile; fileRef = 29B4D94A23F1EC0600BD9783 /* City.swift */; };
		29BFAF86295F29E500655325 /* TitleView.swift in Sources */ = {isa = PBXBuildFile; fileRef = 29BFAF85295F29E500655325 /* TitleView.swift */; };
		29BFAF8E2961AE6200655325 /* GetterViews.swift in Sources */ = {isa = PBXBuildFile; fileRef = 29BFAF8D2961AE6200655325 /* GetterViews.swift */; };
		29BFAF902961BCE700655325 /* CustomTransitions.swift in Sources */ = {isa = PBXBuildFile; fileRef = 29BFAF8F2961BCE700655325 /* CustomTransitions.swift */; };
		29C1EA8A2958EE78007B629B /* MovieClientErrorView.swift in Sources */ = {isa = PBXBuildFile; fileRef = 29C1EA892958EE78007B629B /* MovieClientErrorView.swift */; };
		29C1EA8C2958EF8C007B629B /* LoadingView.swift in Sources */ = {isa = PBXBuildFile; fileRef = 29C1EA8B2958EF8C007B629B /* LoadingView.swift */; };
		29DDA573295DBFA4000C4322 /* MovieDetail.swift in Sources */ = {isa = PBXBuildFile; fileRef = 29DDA572295DBFA4000C4322 /* MovieDetail.swift */; };
		29DDA575295DC125000C4322 /* MovieDetailView.swift in Sources */ = {isa = PBXBuildFile; fileRef = 29DDA574295DC125000C4322 /* MovieDetailView.swift */; };
		29DDA577295DCA2C000C4322 /* MovieDetailHostingController.swift in Sources */ = {isa = PBXBuildFile; fileRef = 29DDA576295DCA2C000C4322 /* MovieDetailHostingController.swift */; };
		29E99C2E2402F5E7003A4141 /* CinemaUITests.swift in Sources */ = {isa = PBXBuildFile; fileRef = 29E99C2D2402F5E7003A4141 /* CinemaUITests.swift */; };
/* End PBXBuildFile section */

/* Begin PBXContainerItemProxy section */
		29B9C962237F42A30035EF0B /* PBXContainerItemProxy */ = {
			isa = PBXContainerItemProxy;
			containerPortal = 2904C7582336982B00407B64 /* Project object */;
			proxyType = 1;
			remoteGlobalIDString = 2904C75F2336982B00407B64;
			remoteInfo = Cinema;
		};
		29E99C302402F5E7003A4141 /* PBXContainerItemProxy */ = {
			isa = PBXContainerItemProxy;
			containerPortal = 2904C7582336982B00407B64 /* Project object */;
			proxyType = 1;
			remoteGlobalIDString = 2904C75F2336982B00407B64;
			remoteInfo = Cinema;
		};
/* End PBXContainerItemProxy section */

/* Begin PBXFileReference section */
		2904C7602336982B00407B64 /* iKinas.app */ = {isa = PBXFileReference; explicitFileType = wrapper.application; includeInIndex = 0; path = iKinas.app; sourceTree = BUILT_PRODUCTS_DIR; };
		2904C7632336982B00407B64 /* AppDelegate.swift */ = {isa = PBXFileReference; lastKnownFileType = sourcecode.swift; path = AppDelegate.swift; sourceTree = "<group>"; };
		2904C76D2336982D00407B64 /* Assets.xcassets */ = {isa = PBXFileReference; lastKnownFileType = folder.assetcatalog; path = Assets.xcassets; sourceTree = "<group>"; };
		2904C7702336982D00407B64 /* Base */ = {isa = PBXFileReference; lastKnownFileType = file.storyboard; name = Base; path = Base.lproj/LaunchScreen.storyboard; sourceTree = "<group>"; };
		2904C7722336982D00407B64 /* Info.plist */ = {isa = PBXFileReference; lastKnownFileType = text.plist.xml; path = Info.plist; sourceTree = "<group>"; };
		2904C79D2336A69100407B64 /* Movie.swift */ = {isa = PBXFileReference; lastKnownFileType = sourcecode.swift; path = Movie.swift; sourceTree = "<group>"; };
		2904C79F2336A69B00407B64 /* Showing.swift */ = {isa = PBXFileReference; lastKnownFileType = sourcecode.swift; path = Showing.swift; sourceTree = "<group>"; };
		2904C7A22336B09100407B64 /* Extensions.swift */ = {isa = PBXFileReference; lastKnownFileType = sourcecode.swift; path = Extensions.swift; sourceTree = "<group>"; };
		2904C7B5233BC6F700407B64 /* Constants.swift */ = {isa = PBXFileReference; lastKnownFileType = sourcecode.swift; path = Constants.swift; sourceTree = "<group>"; };
		2915259A294CE58C00192153 /* MovieList.swift */ = {isa = PBXFileReference; lastKnownFileType = sourcecode.swift; path = MovieList.swift; sourceTree = "<group>"; };
		291525BC294E072800192153 /* NetworkImage.swift */ = {isa = PBXFileReference; lastKnownFileType = sourcecode.swift; path = NetworkImage.swift; sourceTree = "<group>"; };
		291525DE294E4D3C00192153 /* MovieItem.swift */ = {isa = PBXFileReference; lastKnownFileType = sourcecode.swift; path = MovieItem.swift; sourceTree = "<group>"; };
		291525E0294E4E0D00192153 /* MovieItemView.swift */ = {isa = PBXFileReference; lastKnownFileType = sourcecode.swift; path = MovieItemView.swift; sourceTree = "<group>"; };
		291525E2294E61A700192153 /* MovieListView.swift */ = {isa = PBXFileReference; lastKnownFileType = sourcecode.swift; path = MovieListView.swift; sourceTree = "<group>"; };
		291525E4294F137D00192153 /* MovieItemTests.swift */ = {isa = PBXFileReference; lastKnownFileType = sourcecode.swift; path = MovieItemTests.swift; sourceTree = "<group>"; };
		291525E6294F141800192153 /* MovieListTests.swift */ = {isa = PBXFileReference; lastKnownFileType = sourcecode.swift; path = MovieListTests.swift; sourceTree = "<group>"; };
		291525E8294F145900192153 /* NetworkImageTests.swift */ = {isa = PBXFileReference; lastKnownFileType = sourcecode.swift; path = NetworkImageTests.swift; sourceTree = "<group>"; };
		291525EA294F336600192153 /* ImageClient.swift */ = {isa = PBXFileReference; lastKnownFileType = sourcecode.swift; path = ImageClient.swift; sourceTree = "<group>"; };
		291525EC294F4DE300192153 /* NetworkImageView.swift */ = {isa = PBXFileReference; lastKnownFileType = sourcecode.swift; path = NetworkImageView.swift; sourceTree = "<group>"; };
		291525EF294FACB100192153 /* Schedule.swift */ = {isa = PBXFileReference; lastKnownFileType = sourcecode.swift; path = Schedule.swift; sourceTree = "<group>"; };
		291525F2294FB7EC00192153 /* ShowingList.swift */ = {isa = PBXFileReference; lastKnownFileType = sourcecode.swift; path = ShowingList.swift; sourceTree = "<group>"; };
		2932FB7E24D35D62009AEDD1 /* Main.storyboard */ = {isa = PBXFileReference; lastKnownFileType = file.storyboard; path = Main.storyboard; sourceTree = "<group>"; };
		2956C7FD29532AAC007F60A4 /* MovieClient.swift */ = {isa = PBXFileReference; lastKnownFileType = sourcecode.swift; path = MovieClient.swift; sourceTree = "<group>"; };
		29602B10294B6C0A00FBE1A4 /* DateSelector.swift */ = {isa = PBXFileReference; lastKnownFileType = sourcecode.swift; path = DateSelector.swift; sourceTree = "<group>"; };
		29602B12294B6CAB00FBE1A4 /* DateSelectorView.swift */ = {isa = PBXFileReference; lastKnownFileType = sourcecode.swift; path = DateSelectorView.swift; sourceTree = "<group>"; };
		29602B14294B6DB400FBE1A4 /* DateSelectorTests.swift */ = {isa = PBXFileReference; lastKnownFileType = sourcecode.swift; path = DateSelectorTests.swift; sourceTree = "<group>"; };
		2961EA2C25CC9EFB00ED23C8 /* WebViewController.swift */ = {isa = PBXFileReference; lastKnownFileType = sourcecode.swift; path = WebViewController.swift; sourceTree = "<group>"; };
		2961EA3225CD9EEC00ED23C8 /* WebKit.framework */ = {isa = PBXFileReference; lastKnownFileType = wrapper.framework; name = WebKit.framework; path = System/Library/Frameworks/WebKit.framework; sourceTree = SDKROOT; };
		296FE04B295061C60015F7AA /* ScheduleView.swift */ = {isa = PBXFileReference; lastKnownFileType = sourcecode.swift; path = ScheduleView.swift; sourceTree = "<group>"; };
		296FE04D295095190015F7AA /* ShowingItemView.swift */ = {isa = PBXFileReference; lastKnownFileType = sourcecode.swift; path = ShowingItemView.swift; sourceTree = "<group>"; };
		296FE04F295097B00015F7AA /* ShowingItemTests.swift */ = {isa = PBXFileReference; lastKnownFileType = sourcecode.swift; path = ShowingItemTests.swift; sourceTree = "<group>"; };
		296FE0512950988C0015F7AA /* ShowingListView.swift */ = {isa = PBXFileReference; lastKnownFileType = sourcecode.swift; path = ShowingListView.swift; sourceTree = "<group>"; };
		296FE05329509FA50015F7AA /* ShowingListTests.swift */ = {isa = PBXFileReference; lastKnownFileType = sourcecode.swift; path = ShowingListTests.swift; sourceTree = "<group>"; };
		296FE0552950A8930015F7AA /* ScheduleTests.swift */ = {isa = PBXFileReference; lastKnownFileType = sourcecode.swift; path = ScheduleTests.swift; sourceTree = "<group>"; };
		296FE0582950E9AA0015F7AA /* Main.swift */ = {isa = PBXFileReference; lastKnownFileType = sourcecode.swift; path = Main.swift; sourceTree = "<group>"; };
		296FE05A2951F33E0015F7AA /* MainHostingController.swift */ = {isa = PBXFileReference; lastKnownFileType = sourcecode.swift; path = MainHostingController.swift; sourceTree = "<group>"; };
		296FE05C2951F3BF0015F7AA /* MainTests.swift */ = {isa = PBXFileReference; lastKnownFileType = sourcecode.swift; path = MainTests.swift; sourceTree = "<group>"; };
		2979ECED29504802009B743E /* ShowingItem.swift */ = {isa = PBXFileReference; lastKnownFileType = sourcecode.swift; path = ShowingItem.swift; sourceTree = "<group>"; };
		297C826C26B01DA30053F706 /* Venue.swift */ = {isa = PBXFileReference; lastKnownFileType = sourcecode.swift; path = Venue.swift; sourceTree = "<group>"; };
		29817F77293BC1E800E59D42 /* Settings.swift */ = {isa = PBXFileReference; lastKnownFileType = sourcecode.swift; path = Settings.swift; sourceTree = "<group>"; };
		29817F79293BCE5F00E59D42 /* SettingsClient.swift */ = {isa = PBXFileReference; lastKnownFileType = sourcecode.swift; path = SettingsClient.swift; sourceTree = "<group>"; };
		29817F7B293BD70100E59D42 /* SettingsView.swift */ = {isa = PBXFileReference; lastKnownFileType = sourcecode.swift; path = SettingsView.swift; sourceTree = "<group>"; };
		29817F7D293C00CE00E59D42 /* SettingsTests.swift */ = {isa = PBXFileReference; lastKnownFileType = sourcecode.swift; path = SettingsTests.swift; sourceTree = "<group>"; };
		29817F80293CA68100E59D42 /* CityListView.swift */ = {isa = PBXFileReference; lastKnownFileType = sourcecode.swift; path = CityListView.swift; sourceTree = "<group>"; };
		29817F82293CA6CB00E59D42 /* VenueListView.swift */ = {isa = PBXFileReference; lastKnownFileType = sourcecode.swift; path = VenueListView.swift; sourceTree = "<group>"; };
		29817F84293CAB3400E59D42 /* ExitButtonView.swift */ = {isa = PBXFileReference; lastKnownFileType = sourcecode.swift; path = ExitButtonView.swift; sourceTree = "<group>"; };
		298BBF122961F67800C2EA8C /* BodyView.swift */ = {isa = PBXFileReference; lastKnownFileType = sourcecode.swift; path = BodyView.swift; sourceTree = "<group>"; };
		298BBF152961F76500C2EA8C /* PosterView.swift */ = {isa = PBXFileReference; lastKnownFileType = sourcecode.swift; path = PosterView.swift; sourceTree = "<group>"; };
		2991622A295226190084464C /* MainView.swift */ = {isa = PBXFileReference; lastKnownFileType = sourcecode.swift; path = MainView.swift; sourceTree = "<group>"; };
		2991622E29524CE80084464C /* LabelViews.swift */ = {isa = PBXFileReference; lastKnownFileType = sourcecode.swift; path = LabelViews.swift; sourceTree = "<group>"; };
		29B1BAE4296497CF00A60E20 /* DatasourceErrorView.swift */ = {isa = PBXFileReference; lastKnownFileType = sourcecode.swift; path = DatasourceErrorView.swift; sourceTree = "<group>"; };
		29B1BAE7296743D300A60E20 /* ShowingDetail.swift */ = {isa = PBXFileReference; lastKnownFileType = sourcecode.swift; path = ShowingDetail.swift; sourceTree = "<group>"; };
		29B4D94A23F1EC0600BD9783 /* City.swift */ = {isa = PBXFileReference; lastKnownFileType = sourcecode.swift; path = City.swift; sourceTree = "<group>"; };
		29B9C95D237F42A30035EF0B /* CinemaTests.xctest */ = {isa = PBXFileReference; explicitFileType = wrapper.cfbundle; includeInIndex = 0; path = CinemaTests.xctest; sourceTree = BUILT_PRODUCTS_DIR; };
		29B9C961237F42A30035EF0B /* Info.plist */ = {isa = PBXFileReference; lastKnownFileType = text.plist.xml; path = Info.plist; sourceTree = "<group>"; };
		29BFAF85295F29E500655325 /* TitleView.swift */ = {isa = PBXFileReference; lastKnownFileType = sourcecode.swift; path = TitleView.swift; sourceTree = "<group>"; };
		29BFAF8D2961AE6200655325 /* GetterViews.swift */ = {isa = PBXFileReference; lastKnownFileType = sourcecode.swift; path = GetterViews.swift; sourceTree = "<group>"; };
		29BFAF8F2961BCE700655325 /* CustomTransitions.swift */ = {isa = PBXFileReference; lastKnownFileType = sourcecode.swift; path = CustomTransitions.swift; sourceTree = "<group>"; };
		29C1EA892958EE78007B629B /* MovieClientErrorView.swift */ = {isa = PBXFileReference; lastKnownFileType = sourcecode.swift; path = MovieClientErrorView.swift; sourceTree = "<group>"; };
		29C1EA8B2958EF8C007B629B /* LoadingView.swift */ = {isa = PBXFileReference; lastKnownFileType = sourcecode.swift; path = LoadingView.swift; sourceTree = "<group>"; };
		29DDA572295DBFA4000C4322 /* MovieDetail.swift */ = {isa = PBXFileReference; lastKnownFileType = sourcecode.swift; path = MovieDetail.swift; sourceTree = "<group>"; };
		29DDA574295DC125000C4322 /* MovieDetailView.swift */ = {isa = PBXFileReference; lastKnownFileType = sourcecode.swift; path = MovieDetailView.swift; sourceTree = "<group>"; };
		29DDA576295DCA2C000C4322 /* MovieDetailHostingController.swift */ = {isa = PBXFileReference; lastKnownFileType = sourcecode.swift; path = MovieDetailHostingController.swift; sourceTree = "<group>"; };
		29E99C2B2402F5E7003A4141 /* CinemaUITests.xctest */ = {isa = PBXFileReference; explicitFileType = wrapper.cfbundle; includeInIndex = 0; path = CinemaUITests.xctest; sourceTree = BUILT_PRODUCTS_DIR; };
		29E99C2D2402F5E7003A4141 /* CinemaUITests.swift */ = {isa = PBXFileReference; lastKnownFileType = sourcecode.swift; path = CinemaUITests.swift; sourceTree = "<group>"; };
		29E99C2F2402F5E7003A4141 /* Info.plist */ = {isa = PBXFileReference; lastKnownFileType = text.plist.xml; path = Info.plist; sourceTree = "<group>"; };
/* End PBXFileReference section */

/* Begin PBXFrameworksBuildPhase section */
		2904C75D2336982B00407B64 /* Frameworks */ = {
			isa = PBXFrameworksBuildPhase;
			buildActionMask = 2147483647;
			files = (
				29817F6D293BB60600E59D42 /* Dependencies in Frameworks */,
				29817F6B293BB60600E59D42 /* ComposableArchitecture in Frameworks */,
				2961EA3325CD9EEC00ED23C8 /* WebKit.framework in Frameworks */,
			);
			runOnlyForDeploymentPostprocessing = 0;
		};
		29B9C95A237F42A30035EF0B /* Frameworks */ = {
			isa = PBXFrameworksBuildPhase;
			buildActionMask = 2147483647;
			files = (
			);
			runOnlyForDeploymentPostprocessing = 0;
		};
		29E99C282402F5E7003A4141 /* Frameworks */ = {
			isa = PBXFrameworksBuildPhase;
			buildActionMask = 2147483647;
			files = (
			);
			runOnlyForDeploymentPostprocessing = 0;
		};
/* End PBXFrameworksBuildPhase section */

/* Begin PBXGroup section */
		2904C7572336982B00407B64 = {
			isa = PBXGroup;
			children = (
				2904C7622336982B00407B64 /* Cinema */,
				29B9C95E237F42A30035EF0B /* CinemaTests */,
				29E99C2C2402F5E7003A4141 /* CinemaUITests */,
				2904C7612336982B00407B64 /* Products */,
				2961EA3125CD9EEC00ED23C8 /* Frameworks */,
			);
			sourceTree = "<group>";
		};
		2904C7612336982B00407B64 /* Products */ = {
			isa = PBXGroup;
			children = (
				2904C7602336982B00407B64 /* iKinas.app */,
				29B9C95D237F42A30035EF0B /* CinemaTests.xctest */,
				29E99C2B2402F5E7003A4141 /* CinemaUITests.xctest */,
			);
			name = Products;
			sourceTree = "<group>";
		};
		2904C7622336982B00407B64 /* Cinema */ = {
			isa = PBXGroup;
			children = (
				2904C7632336982B00407B64 /* AppDelegate.swift */,
				29602B0F294B6BEC00FBE1A4 /* DateSelector */,
				296FE0572950E9840015F7AA /* Main */,
				2904C7952336A10700407B64 /* Models */,
				29B1BAE6296743BF00A60E20 /* ShowingDetail */,
				29DDA571295DBF8F000C4322 /* MovieDetail */,
				291525DD294E4D1E00192153 /* MovieItem */,
				29282595294CE49D008C9590 /* MovieList */,
				291525BB294E071600192153 /* NetworkImage */,
				291525EE294FA9A100192153 /* Schedule */,
				29817F76293BC1D100E59D42 /* Settings */,
				2979ECEC295047EB009B743E /* ShowingItem */,
				291525F1294FB7BA00192153 /* ShowingList */,
				29BFAF8C2961AE3C00655325 /* Shared */,
				2904C76D2336982D00407B64 /* Assets.xcassets */,
				2904C7722336982D00407B64 /* Info.plist */,
				2904C76F2336982D00407B64 /* LaunchScreen.storyboard */,
				2932FB7E24D35D62009AEDD1 /* Main.storyboard */,
			);
			path = Cinema;
			sourceTree = "<group>";
		};
		2904C7952336A10700407B64 /* Models */ = {
			isa = PBXGroup;
			children = (
				29B4D94A23F1EC0600BD9783 /* City.swift */,
				2904C79D2336A69100407B64 /* Movie.swift */,
				2904C79F2336A69B00407B64 /* Showing.swift */,
				297C826C26B01DA30053F706 /* Venue.swift */,
			);
			path = Models;
			sourceTree = "<group>";
		};
		291525BB294E071600192153 /* NetworkImage */ = {
			isa = PBXGroup;
			children = (
				291525EA294F336600192153 /* ImageClient.swift */,
				291525BC294E072800192153 /* NetworkImage.swift */,
				291525EC294F4DE300192153 /* NetworkImageView.swift */,
			);
			path = NetworkImage;
			sourceTree = "<group>";
		};
		291525DD294E4D1E00192153 /* MovieItem */ = {
			isa = PBXGroup;
			children = (
				291525DE294E4D3C00192153 /* MovieItem.swift */,
				291525E0294E4E0D00192153 /* MovieItemView.swift */,
			);
			path = MovieItem;
			sourceTree = "<group>";
		};
		291525EE294FA9A100192153 /* Schedule */ = {
			isa = PBXGroup;
			children = (
				291525EF294FACB100192153 /* Schedule.swift */,
				296FE04B295061C60015F7AA /* ScheduleView.swift */,
				29B1BAE4296497CF00A60E20 /* DatasourceErrorView.swift */,
			);
			path = Schedule;
			sourceTree = "<group>";
		};
		291525F1294FB7BA00192153 /* ShowingList */ = {
			isa = PBXGroup;
			children = (
				291525F2294FB7EC00192153 /* ShowingList.swift */,
				296FE0512950988C0015F7AA /* ShowingListView.swift */,
			);
			path = ShowingList;
			sourceTree = "<group>";
		};
		2923004429620C21006537F6 /* Views */ = {
			isa = PBXGroup;
			children = (
				298BBF122961F67800C2EA8C /* BodyView.swift */,
				29DDA574295DC125000C4322 /* MovieDetailView.swift */,
				298BBF152961F76500C2EA8C /* PosterView.swift */,
				29BFAF85295F29E500655325 /* TitleView.swift */,
			);
			path = Views;
			sourceTree = "<group>";
		};
		29282595294CE49D008C9590 /* MovieList */ = {
			isa = PBXGroup;
			children = (
				2915259A294CE58C00192153 /* MovieList.swift */,
				291525E2294E61A700192153 /* MovieListView.swift */,
			);
			path = MovieList;
			sourceTree = "<group>";
		};
		29602B0F294B6BEC00FBE1A4 /* DateSelector */ = {
			isa = PBXGroup;
			children = (
				29602B10294B6C0A00FBE1A4 /* DateSelector.swift */,
				29602B12294B6CAB00FBE1A4 /* DateSelectorView.swift */,
			);
			path = DateSelector;
			sourceTree = "<group>";
		};
		2961EA3125CD9EEC00ED23C8 /* Frameworks */ = {
			isa = PBXGroup;
			children = (
				2961EA3225CD9EEC00ED23C8 /* WebKit.framework */,
			);
			name = Frameworks;
			sourceTree = "<group>";
		};
		296FE0572950E9840015F7AA /* Main */ = {
			isa = PBXGroup;
			children = (
				296FE0582950E9AA0015F7AA /* Main.swift */,
				2991622A295226190084464C /* MainView.swift */,
				296FE05A2951F33E0015F7AA /* MainHostingController.swift */,
				2956C7FD29532AAC007F60A4 /* MovieClient.swift */,
				29C1EA892958EE78007B629B /* MovieClientErrorView.swift */,
				29C1EA8B2958EF8C007B629B /* LoadingView.swift */,
			);
			path = Main;
			sourceTree = "<group>";
		};
		2979ECEC295047EB009B743E /* ShowingItem */ = {
			isa = PBXGroup;
			children = (
				2979ECED29504802009B743E /* ShowingItem.swift */,
				296FE04D295095190015F7AA /* ShowingItemView.swift */,
			);
			path = ShowingItem;
			sourceTree = "<group>";
		};
		29817F76293BC1D100E59D42 /* Settings */ = {
			isa = PBXGroup;
			children = (
				29817F77293BC1E800E59D42 /* Settings.swift */,
				29817F79293BCE5F00E59D42 /* SettingsClient.swift */,
				29817F7F293CA66B00E59D42 /* Views */,
			);
			path = Settings;
			sourceTree = "<group>";
		};
		29817F7F293CA66B00E59D42 /* Views */ = {
			isa = PBXGroup;
			children = (
				29817F80293CA68100E59D42 /* CityListView.swift */,
				29817F7B293BD70100E59D42 /* SettingsView.swift */,
				29817F82293CA6CB00E59D42 /* VenueListView.swift */,
			);
			path = Views;
			sourceTree = "<group>";
		};
		29B1BAE6296743BF00A60E20 /* ShowingDetail */ = {
			isa = PBXGroup;
			children = (
				29B1BAE7296743D300A60E20 /* ShowingDetail.swift */,
			);
			path = ShowingDetail;
			sourceTree = "<group>";
		};
		29B9C95E237F42A30035EF0B /* CinemaTests */ = {
			isa = PBXGroup;
			children = (
				29602B14294B6DB400FBE1A4 /* DateSelectorTests.swift */,
				296FE05C2951F3BF0015F7AA /* MainTests.swift */,
				291525E4294F137D00192153 /* MovieItemTests.swift */,
				291525E6294F141800192153 /* MovieListTests.swift */,
				291525E8294F145900192153 /* NetworkImageTests.swift */,
				296FE0552950A8930015F7AA /* ScheduleTests.swift */,
				29817F7D293C00CE00E59D42 /* SettingsTests.swift */,
				296FE04F295097B00015F7AA /* ShowingItemTests.swift */,
				296FE05329509FA50015F7AA /* ShowingListTests.swift */,
				29B9C961237F42A30035EF0B /* Info.plist */,
			);
			path = CinemaTests;
			sourceTree = "<group>";
		};
		29BFAF8C2961AE3C00655325 /* Shared */ = {
			isa = PBXGroup;
			children = (
				2904C7B5233BC6F700407B64 /* Constants.swift */,
				29BFAF8F2961BCE700655325 /* CustomTransitions.swift */,
				29817F84293CAB3400E59D42 /* ExitButtonView.swift */,
				2904C7A22336B09100407B64 /* Extensions.swift */,
				29BFAF8D2961AE6200655325 /* GetterViews.swift */,
				2991622E29524CE80084464C /* LabelViews.swift */,
				2961EA2C25CC9EFB00ED23C8 /* WebViewController.swift */,
			);
			path = Shared;
			sourceTree = "<group>";
		};
		29DDA571295DBF8F000C4322 /* MovieDetail */ = {
			isa = PBXGroup;
			children = (
				29DDA572295DBFA4000C4322 /* MovieDetail.swift */,
				29DDA576295DCA2C000C4322 /* MovieDetailHostingController.swift */,
				2923004429620C21006537F6 /* Views */,
			);
			path = MovieDetail;
			sourceTree = "<group>";
		};
		29E99C2C2402F5E7003A4141 /* CinemaUITests */ = {
			isa = PBXGroup;
			children = (
				29E99C2D2402F5E7003A4141 /* CinemaUITests.swift */,
				29E99C2F2402F5E7003A4141 /* Info.plist */,
			);
			path = CinemaUITests;
			sourceTree = "<group>";
		};
/* End PBXGroup section */

/* Begin PBXNativeTarget section */
		2904C75F2336982B00407B64 /* Cinema */ = {
			isa = PBXNativeTarget;
			buildConfigurationList = 2904C78B2336982D00407B64 /* Build configuration list for PBXNativeTarget "Cinema" */;
			buildPhases = (
				2904C75C2336982B00407B64 /* Sources */,
				2904C75D2336982B00407B64 /* Frameworks */,
				2904C75E2336982B00407B64 /* Resources */,
				29B4D94D23F5BB6A00BD9783 /* Run Script */,
			);
			buildRules = (
			);
			dependencies = (
			);
			name = Cinema;
			packageProductDependencies = (
				29817F6A293BB60600E59D42 /* ComposableArchitecture */,
				29817F6C293BB60600E59D42 /* Dependencies */,
			);
			productName = Cinema;
			productReference = 2904C7602336982B00407B64 /* iKinas.app */;
			productType = "com.apple.product-type.application";
		};
		29B9C95C237F42A30035EF0B /* CinemaTests */ = {
			isa = PBXNativeTarget;
			buildConfigurationList = 29B9C966237F42A30035EF0B /* Build configuration list for PBXNativeTarget "CinemaTests" */;
			buildPhases = (
				29B9C959237F42A30035EF0B /* Sources */,
				29B9C95A237F42A30035EF0B /* Frameworks */,
				29B9C95B237F42A30035EF0B /* Resources */,
			);
			buildRules = (
			);
			dependencies = (
				29B9C963237F42A30035EF0B /* PBXTargetDependency */,
			);
			name = CinemaTests;
			productName = CinemaTests;
			productReference = 29B9C95D237F42A30035EF0B /* CinemaTests.xctest */;
			productType = "com.apple.product-type.bundle.unit-test";
		};
		29E99C2A2402F5E7003A4141 /* CinemaUITests */ = {
			isa = PBXNativeTarget;
			buildConfigurationList = 29E99C342402F5E7003A4141 /* Build configuration list for PBXNativeTarget "CinemaUITests" */;
			buildPhases = (
				29E99C272402F5E7003A4141 /* Sources */,
				29E99C282402F5E7003A4141 /* Frameworks */,
				29E99C292402F5E7003A4141 /* Resources */,
			);
			buildRules = (
			);
			dependencies = (
				29E99C312402F5E7003A4141 /* PBXTargetDependency */,
			);
			name = CinemaUITests;
			productName = CinemaUITests;
			productReference = 29E99C2B2402F5E7003A4141 /* CinemaUITests.xctest */;
			productType = "com.apple.product-type.bundle.ui-testing";
		};
/* End PBXNativeTarget section */

/* Begin PBXProject section */
		2904C7582336982B00407B64 /* Project object */ = {
			isa = PBXProject;
			attributes = {
				LastSwiftUpdateCheck = 1130;
				LastUpgradeCheck = 1230;
				ORGANIZATIONNAME = Marius;
				TargetAttributes = {
					2904C75F2336982B00407B64 = {
						CreatedOnToolsVersion = 10.3;
					};
					29B9C95C237F42A30035EF0B = {
						CreatedOnToolsVersion = 11.2;
						LastSwiftMigration = 1120;
						TestTargetID = 2904C75F2336982B00407B64;
					};
					29E99C2A2402F5E7003A4141 = {
						CreatedOnToolsVersion = 11.3;
						TestTargetID = 2904C75F2336982B00407B64;
					};
				};
			};
			buildConfigurationList = 2904C75B2336982B00407B64 /* Build configuration list for PBXProject "Cinema" */;
			compatibilityVersion = "Xcode 9.3";
			developmentRegion = en;
			hasScannedForEncodings = 0;
			knownRegions = (
				en,
				Base,
			);
			mainGroup = 2904C7572336982B00407B64;
			packageReferences = (
				29817F69293BB60600E59D42 /* XCRemoteSwiftPackageReference "swift-composable-architecture" */,
			);
			productRefGroup = 2904C7612336982B00407B64 /* Products */;
			projectDirPath = "";
			projectRoot = "";
			targets = (
				2904C75F2336982B00407B64 /* Cinema */,
				29B9C95C237F42A30035EF0B /* CinemaTests */,
				29E99C2A2402F5E7003A4141 /* CinemaUITests */,
			);
		};
/* End PBXProject section */

/* Begin PBXResourcesBuildPhase section */
		2904C75E2336982B00407B64 /* Resources */ = {
			isa = PBXResourcesBuildPhase;
			buildActionMask = 2147483647;
			files = (
				2904C7712336982D00407B64 /* LaunchScreen.storyboard in Resources */,
				2932FB7F24D35D62009AEDD1 /* Main.storyboard in Resources */,
				2904C76E2336982D00407B64 /* Assets.xcassets in Resources */,
			);
			runOnlyForDeploymentPostprocessing = 0;
		};
		29B9C95B237F42A30035EF0B /* Resources */ = {
			isa = PBXResourcesBuildPhase;
			buildActionMask = 2147483647;
			files = (
			);
			runOnlyForDeploymentPostprocessing = 0;
		};
		29E99C292402F5E7003A4141 /* Resources */ = {
			isa = PBXResourcesBuildPhase;
			buildActionMask = 2147483647;
			files = (
			);
			runOnlyForDeploymentPostprocessing = 0;
		};
/* End PBXResourcesBuildPhase section */

/* Begin PBXShellScriptBuildPhase section */
		29B4D94D23F5BB6A00BD9783 /* Run Script */ = {
			isa = PBXShellScriptBuildPhase;
			alwaysOutOfDate = 1;
			buildActionMask = 2147483647;
			files = (
			);
			inputFileListPaths = (
			);
			inputPaths = (
			);
			name = "Run Script";
			outputFileListPaths = (
			);
			outputPaths = (
			);
			runOnlyForDeploymentPostprocessing = 0;
			shellPath = /bin/sh;
			shellScript = "if which swiftlint >/dev/null; then\n  swiftlint\nelse\n  echo \"warning: SwiftLint not installed, download from https://github.com/realm/SwiftLint\"\nfi\n";
		};
/* End PBXShellScriptBuildPhase section */

/* Begin PBXSourcesBuildPhase section */
		2904C75C2336982B00407B64 /* Sources */ = {
			isa = PBXSourcesBuildPhase;
			buildActionMask = 2147483647;
			files = (
				29B4D94B23F1EC0600BD9783 /* City.swift in Sources */,
				296FE05B2951F33E0015F7AA /* MainHostingController.swift in Sources */,
				298BBF132961F67800C2EA8C /* BodyView.swift in Sources */,
				2961EA2D25CC9EFB00ED23C8 /* WebViewController.swift in Sources */,
				29BFAF902961BCE700655325 /* CustomTransitions.swift in Sources */,
				291525E3294E61A700192153 /* MovieListView.swift in Sources */,
				296FE04C295061C60015F7AA /* ScheduleView.swift in Sources */,
				291525EB294F336600192153 /* ImageClient.swift in Sources */,
				29DDA575295DC125000C4322 /* MovieDetailView.swift in Sources */,
				29BFAF86295F29E500655325 /* TitleView.swift in Sources */,
				291525E1294E4E0D00192153 /* MovieItemView.swift in Sources */,
				29817F85293CAB3400E59D42 /* ExitButtonView.swift in Sources */,
				2991622B295226190084464C /* MainView.swift in Sources */,
				29C1EA8C2958EF8C007B629B /* LoadingView.swift in Sources */,
				291525F0294FACB100192153 /* Schedule.swift in Sources */,
				298BBF162961F76500C2EA8C /* PosterView.swift in Sources */,
				2915259B294CE58C00192153 /* MovieList.swift in Sources */,
				2991622F29524CE80084464C /* LabelViews.swift in Sources */,
				2956C7FE29532AAC007F60A4 /* MovieClient.swift in Sources */,
				291525ED294F4DE300192153 /* NetworkImageView.swift in Sources */,
				29602B11294B6C0A00FBE1A4 /* DateSelector.swift in Sources */,
				29DDA573295DBFA4000C4322 /* MovieDetail.swift in Sources */,
				29BFAF8E2961AE6200655325 /* GetterViews.swift in Sources */,
				29C1EA8A2958EE78007B629B /* MovieClientErrorView.swift in Sources */,
				291525F3294FB7EC00192153 /* ShowingList.swift in Sources */,
				2979ECEE29504802009B743E /* ShowingItem.swift in Sources */,
				2904C7642336982B00407B64 /* AppDelegate.swift in Sources */,
				29817F83293CA6CB00E59D42 /* VenueListView.swift in Sources */,
				296FE0522950988C0015F7AA /* ShowingListView.swift in Sources */,
				297C826D26B01DA30053F706 /* Venue.swift in Sources */,
				29817F81293CA68100E59D42 /* CityListView.swift in Sources */,
				291525DF294E4D3C00192153 /* MovieItem.swift in Sources */,
				29817F7C293BD70100E59D42 /* SettingsView.swift in Sources */,
				29817F78293BC1E800E59D42 /* Settings.swift in Sources */,
				29DDA577295DCA2C000C4322 /* MovieDetailHostingController.swift in Sources */,
				2904C79E2336A69100407B64 /* Movie.swift in Sources */,
				296FE04E295095190015F7AA /* ShowingItemView.swift in Sources */,
				2904C7A32336B09100407B64 /* Extensions.swift in Sources */,
				296FE0592950E9AA0015F7AA /* Main.swift in Sources */,
				29602B13294B6CAB00FBE1A4 /* DateSelectorView.swift in Sources */,
				291525BD294E072800192153 /* NetworkImage.swift in Sources */,
				2904C7A02336A69B00407B64 /* Showing.swift in Sources */,
				29B1BAE8296743D300A60E20 /* ShowingDetail.swift in Sources */,
				29B1BAE5296497CF00A60E20 /* DatasourceErrorView.swift in Sources */,
				2904C7B6233BC6F700407B64 /* Constants.swift in Sources */,
				29817F7A293BCE5F00E59D42 /* SettingsClient.swift in Sources */,
			);
			runOnlyForDeploymentPostprocessing = 0;
		};
		29B9C959237F42A30035EF0B /* Sources */ = {
			isa = PBXSourcesBuildPhase;
			buildActionMask = 2147483647;
			files = (
				291525E9294F145900192153 /* NetworkImageTests.swift in Sources */,
				296FE05429509FA50015F7AA /* ShowingListTests.swift in Sources */,
				291525E5294F137D00192153 /* MovieItemTests.swift in Sources */,
				296FE050295097B00015F7AA /* ShowingItemTests.swift in Sources */,
				29817F7E293C00CE00E59D42 /* SettingsTests.swift in Sources */,
				291525E7294F141800192153 /* MovieListTests.swift in Sources */,
				29602B15294B6DB400FBE1A4 /* DateSelectorTests.swift in Sources */,
				296FE05D2951F3BF0015F7AA /* MainTests.swift in Sources */,
				296FE0562950A8930015F7AA /* ScheduleTests.swift in Sources */,
			);
			runOnlyForDeploymentPostprocessing = 0;
		};
		29E99C272402F5E7003A4141 /* Sources */ = {
			isa = PBXSourcesBuildPhase;
			buildActionMask = 2147483647;
			files = (
				29E99C2E2402F5E7003A4141 /* CinemaUITests.swift in Sources */,
			);
			runOnlyForDeploymentPostprocessing = 0;
		};
/* End PBXSourcesBuildPhase section */

/* Begin PBXTargetDependency section */
		29B9C963237F42A30035EF0B /* PBXTargetDependency */ = {
			isa = PBXTargetDependency;
			target = 2904C75F2336982B00407B64 /* Cinema */;
			targetProxy = 29B9C962237F42A30035EF0B /* PBXContainerItemProxy */;
		};
		29E99C312402F5E7003A4141 /* PBXTargetDependency */ = {
			isa = PBXTargetDependency;
			target = 2904C75F2336982B00407B64 /* Cinema */;
			targetProxy = 29E99C302402F5E7003A4141 /* PBXContainerItemProxy */;
		};
/* End PBXTargetDependency section */

/* Begin PBXVariantGroup section */
		2904C76F2336982D00407B64 /* LaunchScreen.storyboard */ = {
			isa = PBXVariantGroup;
			children = (
				2904C7702336982D00407B64 /* Base */,
			);
			name = LaunchScreen.storyboard;
			sourceTree = "<group>";
		};
/* End PBXVariantGroup section */

/* Begin XCBuildConfiguration section */
		2904C7892336982D00407B64 /* Debug */ = {
			isa = XCBuildConfiguration;
			buildSettings = {
				ALWAYS_SEARCH_USER_PATHS = NO;
				CLANG_ANALYZER_NONNULL = YES;
				CLANG_ANALYZER_NUMBER_OBJECT_CONVERSION = YES_AGGRESSIVE;
				CLANG_CXX_LANGUAGE_STANDARD = "gnu++14";
				CLANG_CXX_LIBRARY = "libc++";
				CLANG_ENABLE_MODULES = YES;
				CLANG_ENABLE_OBJC_ARC = YES;
				CLANG_ENABLE_OBJC_WEAK = YES;
				CLANG_WARN_BLOCK_CAPTURE_AUTORELEASING = YES;
				CLANG_WARN_BOOL_CONVERSION = YES;
				CLANG_WARN_COMMA = YES;
				CLANG_WARN_CONSTANT_CONVERSION = YES;
				CLANG_WARN_DEPRECATED_OBJC_IMPLEMENTATIONS = YES;
				CLANG_WARN_DIRECT_OBJC_ISA_USAGE = YES_ERROR;
				CLANG_WARN_DOCUMENTATION_COMMENTS = YES;
				CLANG_WARN_EMPTY_BODY = YES;
				CLANG_WARN_ENUM_CONVERSION = YES;
				CLANG_WARN_INFINITE_RECURSION = YES;
				CLANG_WARN_INT_CONVERSION = YES;
				CLANG_WARN_NON_LITERAL_NULL_CONVERSION = YES;
				CLANG_WARN_OBJC_IMPLICIT_RETAIN_SELF = YES;
				CLANG_WARN_OBJC_LITERAL_CONVERSION = YES;
				CLANG_WARN_OBJC_ROOT_CLASS = YES_ERROR;
				CLANG_WARN_QUOTED_INCLUDE_IN_FRAMEWORK_HEADER = YES;
				CLANG_WARN_RANGE_LOOP_ANALYSIS = YES;
				CLANG_WARN_STRICT_PROTOTYPES = YES;
				CLANG_WARN_SUSPICIOUS_MOVE = YES;
				CLANG_WARN_UNGUARDED_AVAILABILITY = YES_AGGRESSIVE;
				CLANG_WARN_UNREACHABLE_CODE = YES;
				CLANG_WARN__DUPLICATE_METHOD_MATCH = YES;
				CODE_SIGN_IDENTITY = "iPhone Developer";
				COPY_PHASE_STRIP = NO;
				DEBUG_INFORMATION_FORMAT = dwarf;
				ENABLE_STRICT_OBJC_MSGSEND = YES;
				ENABLE_TESTABILITY = YES;
				GCC_C_LANGUAGE_STANDARD = gnu11;
				GCC_DYNAMIC_NO_PIC = NO;
				GCC_NO_COMMON_BLOCKS = YES;
				GCC_OPTIMIZATION_LEVEL = 0;
				GCC_PREPROCESSOR_DEFINITIONS = (
					"DEBUG=1",
					"$(inherited)",
				);
				GCC_WARN_64_TO_32_BIT_CONVERSION = YES;
				GCC_WARN_ABOUT_RETURN_TYPE = YES_ERROR;
				GCC_WARN_UNDECLARED_SELECTOR = YES;
				GCC_WARN_UNINITIALIZED_AUTOS = YES_AGGRESSIVE;
				GCC_WARN_UNUSED_FUNCTION = YES;
				GCC_WARN_UNUSED_VARIABLE = YES;
				IPHONEOS_DEPLOYMENT_TARGET = 14.0;
				MTL_ENABLE_DEBUG_INFO = INCLUDE_SOURCE;
				MTL_FAST_MATH = YES;
				ONLY_ACTIVE_ARCH = YES;
				SDKROOT = iphoneos;
				SWIFT_ACTIVE_COMPILATION_CONDITIONS = DEBUG;
				SWIFT_OPTIMIZATION_LEVEL = "-Onone";
				TARGETED_DEVICE_FAMILY = 1;
			};
			name = Debug;
		};
		2904C78A2336982D00407B64 /* Release */ = {
			isa = XCBuildConfiguration;
			buildSettings = {
				ALWAYS_SEARCH_USER_PATHS = NO;
				CLANG_ANALYZER_NONNULL = YES;
				CLANG_ANALYZER_NUMBER_OBJECT_CONVERSION = YES_AGGRESSIVE;
				CLANG_CXX_LANGUAGE_STANDARD = "gnu++14";
				CLANG_CXX_LIBRARY = "libc++";
				CLANG_ENABLE_MODULES = YES;
				CLANG_ENABLE_OBJC_ARC = YES;
				CLANG_ENABLE_OBJC_WEAK = YES;
				CLANG_WARN_BLOCK_CAPTURE_AUTORELEASING = YES;
				CLANG_WARN_BOOL_CONVERSION = YES;
				CLANG_WARN_COMMA = YES;
				CLANG_WARN_CONSTANT_CONVERSION = YES;
				CLANG_WARN_DEPRECATED_OBJC_IMPLEMENTATIONS = YES;
				CLANG_WARN_DIRECT_OBJC_ISA_USAGE = YES_ERROR;
				CLANG_WARN_DOCUMENTATION_COMMENTS = YES;
				CLANG_WARN_EMPTY_BODY = YES;
				CLANG_WARN_ENUM_CONVERSION = YES;
				CLANG_WARN_INFINITE_RECURSION = YES;
				CLANG_WARN_INT_CONVERSION = YES;
				CLANG_WARN_NON_LITERAL_NULL_CONVERSION = YES;
				CLANG_WARN_OBJC_IMPLICIT_RETAIN_SELF = YES;
				CLANG_WARN_OBJC_LITERAL_CONVERSION = YES;
				CLANG_WARN_OBJC_ROOT_CLASS = YES_ERROR;
				CLANG_WARN_QUOTED_INCLUDE_IN_FRAMEWORK_HEADER = YES;
				CLANG_WARN_RANGE_LOOP_ANALYSIS = YES;
				CLANG_WARN_STRICT_PROTOTYPES = YES;
				CLANG_WARN_SUSPICIOUS_MOVE = YES;
				CLANG_WARN_UNGUARDED_AVAILABILITY = YES_AGGRESSIVE;
				CLANG_WARN_UNREACHABLE_CODE = YES;
				CLANG_WARN__DUPLICATE_METHOD_MATCH = YES;
				CODE_SIGN_IDENTITY = "iPhone Developer";
				COPY_PHASE_STRIP = NO;
				DEBUG_INFORMATION_FORMAT = "dwarf-with-dsym";
				ENABLE_NS_ASSERTIONS = NO;
				ENABLE_STRICT_OBJC_MSGSEND = YES;
				GCC_C_LANGUAGE_STANDARD = gnu11;
				GCC_NO_COMMON_BLOCKS = YES;
				GCC_WARN_64_TO_32_BIT_CONVERSION = YES;
				GCC_WARN_ABOUT_RETURN_TYPE = YES_ERROR;
				GCC_WARN_UNDECLARED_SELECTOR = YES;
				GCC_WARN_UNINITIALIZED_AUTOS = YES_AGGRESSIVE;
				GCC_WARN_UNUSED_FUNCTION = YES;
				GCC_WARN_UNUSED_VARIABLE = YES;
				IPHONEOS_DEPLOYMENT_TARGET = 14.0;
				MTL_ENABLE_DEBUG_INFO = NO;
				MTL_FAST_MATH = YES;
				SDKROOT = iphoneos;
				SWIFT_COMPILATION_MODE = wholemodule;
				SWIFT_OPTIMIZATION_LEVEL = "-O";
				TARGETED_DEVICE_FAMILY = 1;
				VALIDATE_PRODUCT = YES;
			};
			name = Release;
		};
		2904C78C2336982D00407B64 /* Debug */ = {
			isa = XCBuildConfiguration;
			buildSettings = {
				ASSETCATALOG_COMPILER_APPICON_NAME = AppIcon;
				CODE_SIGN_STYLE = Automatic;
				CURRENT_PROJECT_VERSION = 20;
				DEVELOPMENT_TEAM = LZTF7R47SK;
				INFOPLIST_FILE = Cinema/Info.plist;
				IPHONEOS_DEPLOYMENT_TARGET = 14.0;
				LD_RUNPATH_SEARCH_PATHS = (
					"$(inherited)",
					"@executable_path/Frameworks",
				);
				MARKETING_VERSION = 1.4;
				PRODUCT_BUNDLE_IDENTIFIER = com.MariusK.Cinema;
				PRODUCT_NAME = iKinas;
				SWIFT_VERSION = 5.0;
				TARGETED_DEVICE_FAMILY = 1;
			};
			name = Debug;
		};
		2904C78D2336982D00407B64 /* Release */ = {
			isa = XCBuildConfiguration;
			buildSettings = {
				ASSETCATALOG_COMPILER_APPICON_NAME = AppIcon;
				CODE_SIGN_STYLE = Automatic;
				CURRENT_PROJECT_VERSION = 20;
				DEVELOPMENT_TEAM = LZTF7R47SK;
				INFOPLIST_FILE = Cinema/Info.plist;
				IPHONEOS_DEPLOYMENT_TARGET = 14.0;
				LD_RUNPATH_SEARCH_PATHS = (
					"$(inherited)",
					"@executable_path/Frameworks",
				);
				MARKETING_VERSION = 1.4;
				PRODUCT_BUNDLE_IDENTIFIER = com.MariusK.Cinema;
				PRODUCT_NAME = iKinas;
				SWIFT_VERSION = 5.0;
				TARGETED_DEVICE_FAMILY = 1;
			};
			name = Release;
		};
		29B9C964237F42A30035EF0B /* Debug */ = {
			isa = XCBuildConfiguration;
			buildSettings = {
				BUNDLE_LOADER = "$(TEST_HOST)";
				CLANG_ENABLE_MODULES = YES;
				CODE_SIGN_STYLE = Automatic;
				DEVELOPMENT_TEAM = LZTF7R47SK;
				INFOPLIST_FILE = CinemaTests/Info.plist;
				IPHONEOS_DEPLOYMENT_TARGET = 14.0;
				LD_RUNPATH_SEARCH_PATHS = (
					"$(inherited)",
					"@executable_path/Frameworks",
					"@loader_path/Frameworks",
				);
				PRODUCT_BUNDLE_IDENTIFIER = com.MariusK.CinemaTests;
				PRODUCT_NAME = "$(TARGET_NAME)";
				SWIFT_INSTALL_OBJC_HEADER = NO;
				SWIFT_OPTIMIZATION_LEVEL = "-Onone";
				SWIFT_VERSION = 5.0;
				TARGETED_DEVICE_FAMILY = "1,2";
				TEST_HOST = "$(BUILT_PRODUCTS_DIR)/iKinas.app/iKinas";
			};
			name = Debug;
		};
		29B9C965237F42A30035EF0B /* Release */ = {
			isa = XCBuildConfiguration;
			buildSettings = {
				BUNDLE_LOADER = "$(TEST_HOST)";
				CLANG_ENABLE_MODULES = YES;
				CODE_SIGN_STYLE = Automatic;
				DEVELOPMENT_TEAM = LZTF7R47SK;
				INFOPLIST_FILE = CinemaTests/Info.plist;
				IPHONEOS_DEPLOYMENT_TARGET = 14.0;
				LD_RUNPATH_SEARCH_PATHS = (
					"$(inherited)",
					"@executable_path/Frameworks",
					"@loader_path/Frameworks",
				);
				PRODUCT_BUNDLE_IDENTIFIER = com.MariusK.CinemaTests;
				PRODUCT_NAME = "$(TARGET_NAME)";
				SWIFT_INSTALL_OBJC_HEADER = NO;
				SWIFT_VERSION = 5.0;
				TARGETED_DEVICE_FAMILY = "1,2";
				TEST_HOST = "$(BUILT_PRODUCTS_DIR)/iKinas.app/iKinas";
			};
			name = Release;
		};
		29E99C322402F5E7003A4141 /* Debug */ = {
			isa = XCBuildConfiguration;
			buildSettings = {
				CODE_SIGN_STYLE = Automatic;
				DEVELOPMENT_TEAM = LZTF7R47SK;
				INFOPLIST_FILE = CinemaUITests/Info.plist;
				IPHONEOS_DEPLOYMENT_TARGET = 14.0;
				LD_RUNPATH_SEARCH_PATHS = (
					"$(inherited)",
					"@executable_path/Frameworks",
					"@loader_path/Frameworks",
				);
				PRODUCT_BUNDLE_IDENTIFIER = com.MariusK.CinemaUITests;
				PRODUCT_NAME = "$(TARGET_NAME)";
				SWIFT_VERSION = 5.0;
				TARGETED_DEVICE_FAMILY = "1,2";
				TEST_TARGET_NAME = Cinema;
			};
			name = Debug;
		};
		29E99C332402F5E7003A4141 /* Release */ = {
			isa = XCBuildConfiguration;
			buildSettings = {
				CODE_SIGN_STYLE = Automatic;
				DEVELOPMENT_TEAM = LZTF7R47SK;
				INFOPLIST_FILE = CinemaUITests/Info.plist;
				IPHONEOS_DEPLOYMENT_TARGET = 14.0;
				LD_RUNPATH_SEARCH_PATHS = (
					"$(inherited)",
					"@executable_path/Frameworks",
					"@loader_path/Frameworks",
				);
				PRODUCT_BUNDLE_IDENTIFIER = com.MariusK.CinemaUITests;
				PRODUCT_NAME = "$(TARGET_NAME)";
				SWIFT_VERSION = 5.0;
				TARGETED_DEVICE_FAMILY = "1,2";
				TEST_TARGET_NAME = Cinema;
			};
			name = Release;
		};
/* End XCBuildConfiguration section */

/* Begin XCConfigurationList section */
		2904C75B2336982B00407B64 /* Build configuration list for PBXProject "Cinema" */ = {
			isa = XCConfigurationList;
			buildConfigurations = (
				2904C7892336982D00407B64 /* Debug */,
				2904C78A2336982D00407B64 /* Release */,
			);
			defaultConfigurationIsVisible = 0;
			defaultConfigurationName = Release;
		};
		2904C78B2336982D00407B64 /* Build configuration list for PBXNativeTarget "Cinema" */ = {
			isa = XCConfigurationList;
			buildConfigurations = (
				2904C78C2336982D00407B64 /* Debug */,
				2904C78D2336982D00407B64 /* Release */,
			);
			defaultConfigurationIsVisible = 0;
			defaultConfigurationName = Release;
		};
		29B9C966237F42A30035EF0B /* Build configuration list for PBXNativeTarget "CinemaTests" */ = {
			isa = XCConfigurationList;
			buildConfigurations = (
				29B9C964237F42A30035EF0B /* Debug */,
				29B9C965237F42A30035EF0B /* Release */,
			);
			defaultConfigurationIsVisible = 0;
			defaultConfigurationName = Release;
		};
		29E99C342402F5E7003A4141 /* Build configuration list for PBXNativeTarget "CinemaUITests" */ = {
			isa = XCConfigurationList;
			buildConfigurations = (
				29E99C322402F5E7003A4141 /* Debug */,
				29E99C332402F5E7003A4141 /* Release */,
			);
			defaultConfigurationIsVisible = 0;
			defaultConfigurationName = Release;
		};
/* End XCConfigurationList section */

/* Begin XCRemoteSwiftPackageReference section */
		29817F69293BB60600E59D42 /* XCRemoteSwiftPackageReference "swift-composable-architecture" */ = {
			isa = XCRemoteSwiftPackageReference;
			repositoryURL = "https://github.com/pointfreeco/swift-composable-architecture";
			requirement = {
				branch = main;
				kind = branch;
			};
		};
/* End XCRemoteSwiftPackageReference section */

/* Begin XCSwiftPackageProductDependency section */
		29817F6A293BB60600E59D42 /* ComposableArchitecture */ = {
			isa = XCSwiftPackageProductDependency;
			package = 29817F69293BB60600E59D42 /* XCRemoteSwiftPackageReference "swift-composable-architecture" */;
			productName = ComposableArchitecture;
		};
		29817F6C293BB60600E59D42 /* Dependencies */ = {
			isa = XCSwiftPackageProductDependency;
			package = 29817F69293BB60600E59D42 /* XCRemoteSwiftPackageReference "swift-composable-architecture" */;
			productName = Dependencies;
		};
/* End XCSwiftPackageProductDependency section */
	};
	rootObject = 2904C7582336982B00407B64 /* Project object */;
}
